// !$*UTF8*$!
{
	archiveVersion = 1;
	classes = {
	};
	objectVersion = 46;
	objects = {

/* Begin PBXBuildFile section */
		BF27D69116D8E108003FED3D /* NewPostViewController.m in Sources */ = {isa = PBXBuildFile; fileRef = BF27D69016D8E108003FED3D /* NewPostViewController.m */; };
		BF3BD73F16BA931E00114346 /* MainStoryboard.storyboard in Resources */ = {isa = PBXBuildFile; fileRef = BF3BD73D16BA931E00114346 /* MainStoryboard.storyboard */; };
		BF3BD79816BA932900114346 /* CC98API.m in Sources */ = {isa = PBXBuildFile; fileRef = BF3BD74316BA932900114346 /* CC98API.m */; };
		BF3BD79916BA932900114346 /* CC98Parser.m in Sources */ = {isa = PBXBuildFile; fileRef = BF3BD74516BA932900114346 /* CC98Parser.m */; };
		BF3BD79A16BA932900114346 /* CC98Store.m in Sources */ = {isa = PBXBuildFile; fileRef = BF3BD74716BA932900114346 /* CC98Store.m */; };
		BF3BD79B16BA932900114346 /* CC98UrlManager.m in Sources */ = {isa = PBXBuildFile; fileRef = BF3BD74916BA932900114346 /* CC98UrlManager.m */; };
		BF3BD79C16BA932900114346 /* CCBoardEntity.m in Sources */ = {isa = PBXBuildFile; fileRef = BF3BD74B16BA932900114346 /* CCBoardEntity.m */; };
		BF3BD79D16BA932900114346 /* CCPostEntity.m in Sources */ = {isa = PBXBuildFile; fileRef = BF3BD74D16BA932900114346 /* CCPostEntity.m */; };
		BF3BD79E16BA932900114346 /* CCTopicEntity.m in Sources */ = {isa = PBXBuildFile; fileRef = BF3BD74F16BA932900114346 /* CCTopicEntity.m */; };
		BF3BD79F16BA932900114346 /* NSString+CCStringUtil.m in Sources */ = {isa = PBXBuildFile; fileRef = BF3BD75116BA932900114346 /* NSString+CCStringUtil.m */; };
		BF3BD7A016BA932900114346 /* BoardListNavigationController.m in Sources */ = {isa = PBXBuildFile; fileRef = BF3BD75416BA932900114346 /* BoardListNavigationController.m */; };
		BF3BD7A116BA932900114346 /* BoardListTableViewController.m in Sources */ = {isa = PBXBuildFile; fileRef = BF3BD75616BA932900114346 /* BoardListTableViewController.m */; };
		BF3BD7A216BA932900114346 /* InitialSlidingViewController.m in Sources */ = {isa = PBXBuildFile; fileRef = BF3BD75816BA932900114346 /* InitialSlidingViewController.m */; };
		BF3BD7A316BA932900114346 /* LoginViewController.m in Sources */ = {isa = PBXBuildFile; fileRef = BF3BD75A16BA932900114346 /* LoginViewController.m */; };
		BF3BD7A416BA932900114346 /* MenuViewController.m in Sources */ = {isa = PBXBuildFile; fileRef = BF3BD75C16BA932900114346 /* MenuViewController.m */; };
		BF3BD7A516BA932900114346 /* PostCell.m in Sources */ = {isa = PBXBuildFile; fileRef = BF3BD75E16BA932900114346 /* PostCell.m */; };
		BF3BD7A616BA932900114346 /* PostListTableViewController.m in Sources */ = {isa = PBXBuildFile; fileRef = BF3BD76016BA932900114346 /* PostListTableViewController.m */; };
		BF3BD7A716BA932900114346 /* ProfileViewController.m in Sources */ = {isa = PBXBuildFile; fileRef = BF3BD76216BA932900114346 /* ProfileViewController.m */; };
		BF3BD7A816BA932900114346 /* RVPNSwitchCell.m in Sources */ = {isa = PBXBuildFile; fileRef = BF3BD76416BA932900114346 /* RVPNSwitchCell.m */; };
		BF3BD7A916BA932900114346 /* SettingsNavigationController.m in Sources */ = {isa = PBXBuildFile; fileRef = BF3BD76616BA932900114346 /* SettingsNavigationController.m */; };
		BF3BD7AA16BA932900114346 /* SettingsTableViewController.m in Sources */ = {isa = PBXBuildFile; fileRef = BF3BD76816BA932900114346 /* SettingsTableViewController.m */; };
		BF3BD7AB16BA932900114346 /* TopicCell.m in Sources */ = {isa = PBXBuildFile; fileRef = BF3BD76A16BA932900114346 /* TopicCell.m */; };
		BF3BD7AC16BA932900114346 /* TopicListTableViewController.m in Sources */ = {isa = PBXBuildFile; fileRef = BF3BD76C16BA932900114346 /* TopicListTableViewController.m */; };
		BFD661A616BA928B00665FBA /* UIKit.framework in Frameworks */ = {isa = PBXBuildFile; fileRef = BFD661A516BA928B00665FBA /* UIKit.framework */; };
		BFD661A816BA928B00665FBA /* Foundation.framework in Frameworks */ = {isa = PBXBuildFile; fileRef = BFD661A716BA928B00665FBA /* Foundation.framework */; };
		BFD661AA16BA928B00665FBA /* CoreGraphics.framework in Frameworks */ = {isa = PBXBuildFile; fileRef = BFD661A916BA928B00665FBA /* CoreGraphics.framework */; };
		BFD661AC16BA928B00665FBA /* CoreData.framework in Frameworks */ = {isa = PBXBuildFile; fileRef = BFD661AB16BA928B00665FBA /* CoreData.framework */; };
		BFD661B216BA928B00665FBA /* InfoPlist.strings in Resources */ = {isa = PBXBuildFile; fileRef = BFD661B016BA928B00665FBA /* InfoPlist.strings */; };
		BFD661B416BA928B00665FBA /* main.m in Sources */ = {isa = PBXBuildFile; fileRef = BFD661B316BA928B00665FBA /* main.m */; };
		BFD661B816BA928B00665FBA /* AppDelegate.m in Sources */ = {isa = PBXBuildFile; fileRef = BFD661B716BA928B00665FBA /* AppDelegate.m */; };
		BFD661BA16BA928B00665FBA /* Default.png in Resources */ = {isa = PBXBuildFile; fileRef = BFD661B916BA928B00665FBA /* Default.png */; };
		BFD661BC16BA928B00665FBA /* Default@2x.png in Resources */ = {isa = PBXBuildFile; fileRef = BFD661BB16BA928B00665FBA /* Default@2x.png */; };
		BFD661BE16BA928B00665FBA /* Default-568h@2x.png in Resources */ = {isa = PBXBuildFile; fileRef = BFD661BD16BA928B00665FBA /* Default-568h@2x.png */; };
		BFD661C116BA928B00665FBA /* MyCC98.xcdatamodeld in Sources */ = {isa = PBXBuildFile; fileRef = BFD661BF16BA928B00665FBA /* MyCC98.xcdatamodeld */; };
		BFEE1D3816DB0FF3006B24DA /* logo_s.png in Resources */ = {isa = PBXBuildFile; fileRef = BFEE1D3616DB0FF3006B24DA /* logo_s.png */; };
		BFEE1D3916DB0FF3006B24DA /* logo.png in Resources */ = {isa = PBXBuildFile; fileRef = BFEE1D3716DB0FF3006B24DA /* logo.png */; };
		BFEE1D3D16DB31C4006B24DA /* NSDate+CCDateUtil.m in Sources */ = {isa = PBXBuildFile; fileRef = BFEE1D3C16DB31C4006B24DA /* NSDate+CCDateUtil.m */; };
		ED21354DA1F04E8E92D7DA5E /* libPods.a in Frameworks */ = {isa = PBXBuildFile; fileRef = F19169EBE67140B2BAF987C4 /* libPods.a */; };
/* End PBXBuildFile section */

/* Begin PBXFileReference section */
		BF27D68F16D8E108003FED3D /* NewPostViewController.h */ = {isa = PBXFileReference; fileEncoding = 4; lastKnownFileType = sourcecode.c.h; path = NewPostViewController.h; sourceTree = "<group>"; };
		BF27D69016D8E108003FED3D /* NewPostViewController.m */ = {isa = PBXFileReference; fileEncoding = 4; lastKnownFileType = sourcecode.c.objc; path = NewPostViewController.m; sourceTree = "<group>"; };
		BF3BD73E16BA931E00114346 /* en */ = {isa = PBXFileReference; lastKnownFileType = file.storyboard; name = en; path = en.lproj/MainStoryboard.storyboard; sourceTree = "<group>"; };
		BF3BD74216BA932900114346 /* CC98API.h */ = {isa = PBXFileReference; fileEncoding = 4; lastKnownFileType = sourcecode.c.h; path = CC98API.h; sourceTree = "<group>"; };
		BF3BD74316BA932900114346 /* CC98API.m */ = {isa = PBXFileReference; fileEncoding = 4; lastKnownFileType = sourcecode.c.objc; path = CC98API.m; sourceTree = "<group>"; };
		BF3BD74416BA932900114346 /* CC98Parser.h */ = {isa = PBXFileReference; fileEncoding = 4; lastKnownFileType = sourcecode.c.h; path = CC98Parser.h; sourceTree = "<group>"; };
		BF3BD74516BA932900114346 /* CC98Parser.m */ = {isa = PBXFileReference; fileEncoding = 4; lastKnownFileType = sourcecode.c.objc; path = CC98Parser.m; sourceTree = "<group>"; };
		BF3BD74616BA932900114346 /* CC98Store.h */ = {isa = PBXFileReference; fileEncoding = 4; lastKnownFileType = sourcecode.c.h; path = CC98Store.h; sourceTree = "<group>"; };
		BF3BD74716BA932900114346 /* CC98Store.m */ = {isa = PBXFileReference; fileEncoding = 4; lastKnownFileType = sourcecode.c.objc; path = CC98Store.m; sourceTree = "<group>"; };
		BF3BD74816BA932900114346 /* CC98UrlManager.h */ = {isa = PBXFileReference; fileEncoding = 4; lastKnownFileType = sourcecode.c.h; path = CC98UrlManager.h; sourceTree = "<group>"; };
		BF3BD74916BA932900114346 /* CC98UrlManager.m */ = {isa = PBXFileReference; fileEncoding = 4; lastKnownFileType = sourcecode.c.objc; path = CC98UrlManager.m; sourceTree = "<group>"; };
		BF3BD74A16BA932900114346 /* CCBoardEntity.h */ = {isa = PBXFileReference; fileEncoding = 4; lastKnownFileType = sourcecode.c.h; path = CCBoardEntity.h; sourceTree = "<group>"; };
		BF3BD74B16BA932900114346 /* CCBoardEntity.m */ = {isa = PBXFileReference; fileEncoding = 4; lastKnownFileType = sourcecode.c.objc; path = CCBoardEntity.m; sourceTree = "<group>"; };
		BF3BD74C16BA932900114346 /* CCPostEntity.h */ = {isa = PBXFileReference; fileEncoding = 4; lastKnownFileType = sourcecode.c.h; path = CCPostEntity.h; sourceTree = "<group>"; };
		BF3BD74D16BA932900114346 /* CCPostEntity.m */ = {isa = PBXFileReference; fileEncoding = 4; lastKnownFileType = sourcecode.c.objc; path = CCPostEntity.m; sourceTree = "<group>"; };
		BF3BD74E16BA932900114346 /* CCTopicEntity.h */ = {isa = PBXFileReference; fileEncoding = 4; lastKnownFileType = sourcecode.c.h; path = CCTopicEntity.h; sourceTree = "<group>"; };
		BF3BD74F16BA932900114346 /* CCTopicEntity.m */ = {isa = PBXFileReference; fileEncoding = 4; lastKnownFileType = sourcecode.c.objc; path = CCTopicEntity.m; sourceTree = "<group>"; };
		BF3BD75016BA932900114346 /* NSString+CCStringUtil.h */ = {isa = PBXFileReference; fileEncoding = 4; lastKnownFileType = sourcecode.c.h; path = "NSString+CCStringUtil.h"; sourceTree = "<group>"; };
		BF3BD75116BA932900114346 /* NSString+CCStringUtil.m */ = {isa = PBXFileReference; fileEncoding = 4; lastKnownFileType = sourcecode.c.objc; path = "NSString+CCStringUtil.m"; sourceTree = "<group>"; };
		BF3BD75316BA932900114346 /* BoardListNavigationController.h */ = {isa = PBXFileReference; fileEncoding = 4; lastKnownFileType = sourcecode.c.h; path = BoardListNavigationController.h; sourceTree = "<group>"; };
		BF3BD75416BA932900114346 /* BoardListNavigationController.m */ = {isa = PBXFileReference; fileEncoding = 4; lastKnownFileType = sourcecode.c.objc; path = BoardListNavigationController.m; sourceTree = "<group>"; };
		BF3BD75516BA932900114346 /* BoardListTableViewController.h */ = {isa = PBXFileReference; fileEncoding = 4; lastKnownFileType = sourcecode.c.h; path = BoardListTableViewController.h; sourceTree = "<group>"; };
		BF3BD75616BA932900114346 /* BoardListTableViewController.m */ = {isa = PBXFileReference; fileEncoding = 4; lastKnownFileType = sourcecode.c.objc; path = BoardListTableViewController.m; sourceTree = "<group>"; };
		BF3BD75716BA932900114346 /* InitialSlidingViewController.h */ = {isa = PBXFileReference; fileEncoding = 4; lastKnownFileType = sourcecode.c.h; path = InitialSlidingViewController.h; sourceTree = "<group>"; };
		BF3BD75816BA932900114346 /* InitialSlidingViewController.m */ = {isa = PBXFileReference; fileEncoding = 4; lastKnownFileType = sourcecode.c.objc; path = InitialSlidingViewController.m; sourceTree = "<group>"; };
		BF3BD75916BA932900114346 /* LoginViewController.h */ = {isa = PBXFileReference; fileEncoding = 4; lastKnownFileType = sourcecode.c.h; path = LoginViewController.h; sourceTree = "<group>"; };
		BF3BD75A16BA932900114346 /* LoginViewController.m */ = {isa = PBXFileReference; fileEncoding = 4; lastKnownFileType = sourcecode.c.objc; path = LoginViewController.m; sourceTree = "<group>"; };
		BF3BD75B16BA932900114346 /* MenuViewController.h */ = {isa = PBXFileReference; fileEncoding = 4; lastKnownFileType = sourcecode.c.h; path = MenuViewController.h; sourceTree = "<group>"; };
		BF3BD75C16BA932900114346 /* MenuViewController.m */ = {isa = PBXFileReference; fileEncoding = 4; lastKnownFileType = sourcecode.c.objc; path = MenuViewController.m; sourceTree = "<group>"; };
		BF3BD75D16BA932900114346 /* PostCell.h */ = {isa = PBXFileReference; fileEncoding = 4; lastKnownFileType = sourcecode.c.h; path = PostCell.h; sourceTree = "<group>"; };
		BF3BD75E16BA932900114346 /* PostCell.m */ = {isa = PBXFileReference; fileEncoding = 4; lastKnownFileType = sourcecode.c.objc; path = PostCell.m; sourceTree = "<group>"; };
		BF3BD75F16BA932900114346 /* PostListTableViewController.h */ = {isa = PBXFileReference; fileEncoding = 4; lastKnownFileType = sourcecode.c.h; path = PostListTableViewController.h; sourceTree = "<group>"; };
		BF3BD76016BA932900114346 /* PostListTableViewController.m */ = {isa = PBXFileReference; fileEncoding = 4; lastKnownFileType = sourcecode.c.objc; path = PostListTableViewController.m; sourceTree = "<group>"; };
		BF3BD76116BA932900114346 /* ProfileViewController.h */ = {isa = PBXFileReference; fileEncoding = 4; lastKnownFileType = sourcecode.c.h; path = ProfileViewController.h; sourceTree = "<group>"; };
		BF3BD76216BA932900114346 /* ProfileViewController.m */ = {isa = PBXFileReference; fileEncoding = 4; lastKnownFileType = sourcecode.c.objc; path = ProfileViewController.m; sourceTree = "<group>"; };
		BF3BD76316BA932900114346 /* RVPNSwitchCell.h */ = {isa = PBXFileReference; fileEncoding = 4; lastKnownFileType = sourcecode.c.h; path = RVPNSwitchCell.h; sourceTree = "<group>"; };
		BF3BD76416BA932900114346 /* RVPNSwitchCell.m */ = {isa = PBXFileReference; fileEncoding = 4; lastKnownFileType = sourcecode.c.objc; path = RVPNSwitchCell.m; sourceTree = "<group>"; };
		BF3BD76516BA932900114346 /* SettingsNavigationController.h */ = {isa = PBXFileReference; fileEncoding = 4; lastKnownFileType = sourcecode.c.h; path = SettingsNavigationController.h; sourceTree = "<group>"; };
		BF3BD76616BA932900114346 /* SettingsNavigationController.m */ = {isa = PBXFileReference; fileEncoding = 4; lastKnownFileType = sourcecode.c.objc; path = SettingsNavigationController.m; sourceTree = "<group>"; };
		BF3BD76716BA932900114346 /* SettingsTableViewController.h */ = {isa = PBXFileReference; fileEncoding = 4; lastKnownFileType = sourcecode.c.h; path = SettingsTableViewController.h; sourceTree = "<group>"; };
		BF3BD76816BA932900114346 /* SettingsTableViewController.m */ = {isa = PBXFileReference; fileEncoding = 4; lastKnownFileType = sourcecode.c.objc; path = SettingsTableViewController.m; sourceTree = "<group>"; };
		BF3BD76916BA932900114346 /* TopicCell.h */ = {isa = PBXFileReference; fileEncoding = 4; lastKnownFileType = sourcecode.c.h; path = TopicCell.h; sourceTree = "<group>"; };
		BF3BD76A16BA932900114346 /* TopicCell.m */ = {isa = PBXFileReference; fileEncoding = 4; lastKnownFileType = sourcecode.c.objc; path = TopicCell.m; sourceTree = "<group>"; };
		BF3BD76B16BA932900114346 /* TopicListTableViewController.h */ = {isa = PBXFileReference; fileEncoding = 4; lastKnownFileType = sourcecode.c.h; path = TopicListTableViewController.h; sourceTree = "<group>"; };
		BF3BD76C16BA932900114346 /* TopicListTableViewController.m */ = {isa = PBXFileReference; fileEncoding = 4; lastKnownFileType = sourcecode.c.objc; path = TopicListTableViewController.m; sourceTree = "<group>"; };
		BFD661A116BA928B00665FBA /* MyCC98.app */ = {isa = PBXFileReference; explicitFileType = wrapper.application; includeInIndex = 0; path = MyCC98.app; sourceTree = BUILT_PRODUCTS_DIR; };
		BFD661A516BA928B00665FBA /* UIKit.framework */ = {isa = PBXFileReference; lastKnownFileType = wrapper.framework; name = UIKit.framework; path = System/Library/Frameworks/UIKit.framework; sourceTree = SDKROOT; };
		BFD661A716BA928B00665FBA /* Foundation.framework */ = {isa = PBXFileReference; lastKnownFileType = wrapper.framework; name = Foundation.framework; path = System/Library/Frameworks/Foundation.framework; sourceTree = SDKROOT; };
		BFD661A916BA928B00665FBA /* CoreGraphics.framework */ = {isa = PBXFileReference; lastKnownFileType = wrapper.framework; name = CoreGraphics.framework; path = System/Library/Frameworks/CoreGraphics.framework; sourceTree = SDKROOT; };
		BFD661AB16BA928B00665FBA /* CoreData.framework */ = {isa = PBXFileReference; lastKnownFileType = wrapper.framework; name = CoreData.framework; path = System/Library/Frameworks/CoreData.framework; sourceTree = SDKROOT; };
		BFD661AF16BA928B00665FBA /* MyCC98-Info.plist */ = {isa = PBXFileReference; lastKnownFileType = text.plist.xml; path = "MyCC98-Info.plist"; sourceTree = "<group>"; };
		BFD661B116BA928B00665FBA /* en */ = {isa = PBXFileReference; lastKnownFileType = text.plist.strings; name = en; path = en.lproj/InfoPlist.strings; sourceTree = "<group>"; };
		BFD661B316BA928B00665FBA /* main.m */ = {isa = PBXFileReference; lastKnownFileType = sourcecode.c.objc; path = main.m; sourceTree = "<group>"; };
		BFD661B516BA928B00665FBA /* MyCC98-Prefix.pch */ = {isa = PBXFileReference; lastKnownFileType = sourcecode.c.h; path = "MyCC98-Prefix.pch"; sourceTree = "<group>"; };
		BFD661B616BA928B00665FBA /* AppDelegate.h */ = {isa = PBXFileReference; lastKnownFileType = sourcecode.c.h; path = AppDelegate.h; sourceTree = "<group>"; };
		BFD661B716BA928B00665FBA /* AppDelegate.m */ = {isa = PBXFileReference; lastKnownFileType = sourcecode.c.objc; path = AppDelegate.m; sourceTree = "<group>"; };
		BFD661B916BA928B00665FBA /* Default.png */ = {isa = PBXFileReference; lastKnownFileType = image.png; path = Default.png; sourceTree = "<group>"; };
		BFD661BB16BA928B00665FBA /* Default@2x.png */ = {isa = PBXFileReference; lastKnownFileType = image.png; path = "Default@2x.png"; sourceTree = "<group>"; };
		BFD661BD16BA928B00665FBA /* Default-568h@2x.png */ = {isa = PBXFileReference; lastKnownFileType = image.png; path = "Default-568h@2x.png"; sourceTree = "<group>"; };
		BFD661C016BA928B00665FBA /* MyCC98.xcdatamodel */ = {isa = PBXFileReference; lastKnownFileType = wrapper.xcdatamodel; path = MyCC98.xcdatamodel; sourceTree = "<group>"; };
		BFEE1D3616DB0FF3006B24DA /* logo_s.png */ = {isa = PBXFileReference; lastKnownFileType = image.png; path = logo_s.png; sourceTree = "<group>"; };
		BFEE1D3716DB0FF3006B24DA /* logo.png */ = {isa = PBXFileReference; lastKnownFileType = image.png; path = logo.png; sourceTree = "<group>"; };
		BFEE1D3B16DB31C4006B24DA /* NSDate+CCDateUtil.h */ = {isa = PBXFileReference; fileEncoding = 4; lastKnownFileType = sourcecode.c.h; path = "NSDate+CCDateUtil.h"; sourceTree = "<group>"; };
		BFEE1D3C16DB31C4006B24DA /* NSDate+CCDateUtil.m */ = {isa = PBXFileReference; fileEncoding = 4; lastKnownFileType = sourcecode.c.objc; path = "NSDate+CCDateUtil.m"; sourceTree = "<group>"; };
		F19169EBE67140B2BAF987C4 /* libPods.a */ = {isa = PBXFileReference; explicitFileType = archive.ar; includeInIndex = 0; path = libPods.a; sourceTree = BUILT_PRODUCTS_DIR; };
		F1D03B8D11E244E69308C7D4 /* Pods.xcconfig */ = {isa = PBXFileReference; includeInIndex = 1; lastKnownFileType = text.xcconfig; name = Pods.xcconfig; path = Pods/Pods.xcconfig; sourceTree = SOURCE_ROOT; };
/* End PBXFileReference section */

/* Begin PBXFrameworksBuildPhase section */
		BFD6619E16BA928B00665FBA /* Frameworks */ = {
			isa = PBXFrameworksBuildPhase;
			buildActionMask = 2147483647;
			files = (
				BFD661A616BA928B00665FBA /* UIKit.framework in Frameworks */,
				BFD661A816BA928B00665FBA /* Foundation.framework in Frameworks */,
				BFD661AA16BA928B00665FBA /* CoreGraphics.framework in Frameworks */,
				BFD661AC16BA928B00665FBA /* CoreData.framework in Frameworks */,
				ED21354DA1F04E8E92D7DA5E /* libPods.a in Frameworks */,
			);
			runOnlyForDeploymentPostprocessing = 0;
		};
/* End PBXFrameworksBuildPhase section */

/* Begin PBXGroup section */
		BF3BD74116BA932900114346 /* CC98Lib */ = {
			isa = PBXGroup;
			children = (
				BF3BD74216BA932900114346 /* CC98API.h */,
				BF3BD74316BA932900114346 /* CC98API.m */,
				BF3BD74416BA932900114346 /* CC98Parser.h */,
				BF3BD74516BA932900114346 /* CC98Parser.m */,
				BF3BD74616BA932900114346 /* CC98Store.h */,
				BF3BD74716BA932900114346 /* CC98Store.m */,
				BF3BD74816BA932900114346 /* CC98UrlManager.h */,
				BF3BD74916BA932900114346 /* CC98UrlManager.m */,
				BF3BD74A16BA932900114346 /* CCBoardEntity.h */,
				BF3BD74B16BA932900114346 /* CCBoardEntity.m */,
				BF3BD74C16BA932900114346 /* CCPostEntity.h */,
				BF3BD74D16BA932900114346 /* CCPostEntity.m */,
				BF3BD74E16BA932900114346 /* CCTopicEntity.h */,
				BF3BD74F16BA932900114346 /* CCTopicEntity.m */,
				BF3BD75016BA932900114346 /* NSString+CCStringUtil.h */,
				BF3BD75116BA932900114346 /* NSString+CCStringUtil.m */,
				BFEE1D3B16DB31C4006B24DA /* NSDate+CCDateUtil.h */,
				BFEE1D3C16DB31C4006B24DA /* NSDate+CCDateUtil.m */,
			);
			path = CC98Lib;
			sourceTree = "<group>";
		};
		BF3BD75216BA932900114346 /* Controller */ = {
			isa = PBXGroup;
			children = (
				BF3BD75316BA932900114346 /* BoardListNavigationController.h */,
				BF3BD75416BA932900114346 /* BoardListNavigationController.m */,
				BF3BD75516BA932900114346 /* BoardListTableViewController.h */,
				BF3BD75616BA932900114346 /* BoardListTableViewController.m */,
				BF3BD75716BA932900114346 /* InitialSlidingViewController.h */,
				BF3BD75816BA932900114346 /* InitialSlidingViewController.m */,
				BF3BD75916BA932900114346 /* LoginViewController.h */,
				BF3BD75A16BA932900114346 /* LoginViewController.m */,
				BF3BD75B16BA932900114346 /* MenuViewController.h */,
				BF3BD75C16BA932900114346 /* MenuViewController.m */,
				BF3BD75D16BA932900114346 /* PostCell.h */,
				BF3BD75E16BA932900114346 /* PostCell.m */,
				BF3BD75F16BA932900114346 /* PostListTableViewController.h */,
				BF3BD76016BA932900114346 /* PostListTableViewController.m */,
				BF3BD76116BA932900114346 /* ProfileViewController.h */,
				BF3BD76216BA932900114346 /* ProfileViewController.m */,
				BF3BD76316BA932900114346 /* RVPNSwitchCell.h */,
				BF3BD76416BA932900114346 /* RVPNSwitchCell.m */,
				BF3BD76516BA932900114346 /* SettingsNavigationController.h */,
				BF3BD76616BA932900114346 /* SettingsNavigationController.m */,
				BF3BD76716BA932900114346 /* SettingsTableViewController.h */,
				BF3BD76816BA932900114346 /* SettingsTableViewController.m */,
				BF3BD76916BA932900114346 /* TopicCell.h */,
				BF3BD76A16BA932900114346 /* TopicCell.m */,
				BF3BD76B16BA932900114346 /* TopicListTableViewController.h */,
				BF3BD76C16BA932900114346 /* TopicListTableViewController.m */,
				BF27D68F16D8E108003FED3D /* NewPostViewController.h */,
				BF27D69016D8E108003FED3D /* NewPostViewController.m */,
			);
			path = Controller;
			sourceTree = "<group>";
		};
		BFD6619616BA928B00665FBA = {
			isa = PBXGroup;
			children = (
				BFD661AD16BA928B00665FBA /* MyCC98 */,
				BFD661A416BA928B00665FBA /* Frameworks */,
				BFD661A216BA928B00665FBA /* Products */,
				F1D03B8D11E244E69308C7D4 /* Pods.xcconfig */,
			);
			sourceTree = "<group>";
		};
		BFD661A216BA928B00665FBA /* Products */ = {
			isa = PBXGroup;
			children = (
				BFD661A116BA928B00665FBA /* MyCC98.app */,
			);
			name = Products;
			sourceTree = "<group>";
		};
		BFD661A416BA928B00665FBA /* Frameworks */ = {
			isa = PBXGroup;
			children = (
				BFD661A516BA928B00665FBA /* UIKit.framework */,
				BFD661A716BA928B00665FBA /* Foundation.framework */,
				BFD661A916BA928B00665FBA /* CoreGraphics.framework */,
				BFD661AB16BA928B00665FBA /* CoreData.framework */,
				F19169EBE67140B2BAF987C4 /* libPods.a */,
			);
			name = Frameworks;
			sourceTree = "<group>";
		};
		BFD661AD16BA928B00665FBA /* MyCC98 */ = {
			isa = PBXGroup;
			children = (
				BF3BD74116BA932900114346 /* CC98Lib */,
				BF3BD75216BA932900114346 /* Controller */,
				BF3BD73D16BA931E00114346 /* MainStoryboard.storyboard */,
				BFD661B616BA928B00665FBA /* AppDelegate.h */,
				BFD661B716BA928B00665FBA /* AppDelegate.m */,
				BFD661BF16BA928B00665FBA /* MyCC98.xcdatamodeld */,
				BFD661AE16BA928B00665FBA /* Supporting Files */,
			);
			path = MyCC98;
			sourceTree = "<group>";
		};
		BFD661AE16BA928B00665FBA /* Supporting Files */ = {
			isa = PBXGroup;
			children = (
				BFEE1D3616DB0FF3006B24DA /* logo_s.png */,
				BFEE1D3716DB0FF3006B24DA /* logo.png */,
				BFD661AF16BA928B00665FBA /* MyCC98-Info.plist */,
				BFD661B016BA928B00665FBA /* InfoPlist.strings */,
				BFD661B316BA928B00665FBA /* main.m */,
				BFD661B516BA928B00665FBA /* MyCC98-Prefix.pch */,
				BFD661B916BA928B00665FBA /* Default.png */,
				BFD661BB16BA928B00665FBA /* Default@2x.png */,
				BFD661BD16BA928B00665FBA /* Default-568h@2x.png */,
			);
			name = "Supporting Files";
			sourceTree = "<group>";
		};
/* End PBXGroup section */

/* Begin PBXNativeTarget section */
		BFD661A016BA928B00665FBA /* MyCC98 */ = {
			isa = PBXNativeTarget;
			buildConfigurationList = BFD661C416BA928B00665FBA /* Build configuration list for PBXNativeTarget "MyCC98" */;
			buildPhases = (
				BFD6619D16BA928B00665FBA /* Sources */,
				BFD6619E16BA928B00665FBA /* Frameworks */,
				BFD6619F16BA928B00665FBA /* Resources */,
				411F2C28DAA6472091E2B4C7 /* Copy Pods Resources */,
				BF512A1E16C36A15001E0B16 /* ShellScript */,
			);
			buildRules = (
			);
			dependencies = (
			);
			name = MyCC98;
			productName = MyCC98;
			productReference = BFD661A116BA928B00665FBA /* MyCC98.app */;
			productType = "com.apple.product-type.application";
		};
/* End PBXNativeTarget section */

/* Begin PBXProject section */
		BFD6619816BA928B00665FBA /* Project object */ = {
			isa = PBXProject;
			attributes = {
				LastUpgradeCheck = 0450;
				ORGANIZATIONNAME = YANN;
			};
			buildConfigurationList = BFD6619B16BA928B00665FBA /* Build configuration list for PBXProject "MyCC98" */;
			compatibilityVersion = "Xcode 3.2";
			developmentRegion = English;
			hasScannedForEncodings = 0;
			knownRegions = (
				en,
			);
			mainGroup = BFD6619616BA928B00665FBA;
			productRefGroup = BFD661A216BA928B00665FBA /* Products */;
			projectDirPath = "";
			projectRoot = "";
			targets = (
				BFD661A016BA928B00665FBA /* MyCC98 */,
			);
		};
/* End PBXProject section */

/* Begin PBXResourcesBuildPhase section */
		BFD6619F16BA928B00665FBA /* Resources */ = {
			isa = PBXResourcesBuildPhase;
			buildActionMask = 2147483647;
			files = (
				BFD661B216BA928B00665FBA /* InfoPlist.strings in Resources */,
				BFD661BA16BA928B00665FBA /* Default.png in Resources */,
				BFD661BC16BA928B00665FBA /* Default@2x.png in Resources */,
				BFD661BE16BA928B00665FBA /* Default-568h@2x.png in Resources */,
				BF3BD73F16BA931E00114346 /* MainStoryboard.storyboard in Resources */,
				BFEE1D3816DB0FF3006B24DA /* logo_s.png in Resources */,
				BFEE1D3916DB0FF3006B24DA /* logo.png in Resources */,
			);
			runOnlyForDeploymentPostprocessing = 0;
		};
/* End PBXResourcesBuildPhase section */

/* Begin PBXShellScriptBuildPhase section */
		411F2C28DAA6472091E2B4C7 /* Copy Pods Resources */ = {
			isa = PBXShellScriptBuildPhase;
			buildActionMask = 2147483647;
			files = (
			);
			inputPaths = (
			);
			name = "Copy Pods Resources";
			outputPaths = (
			);
			runOnlyForDeploymentPostprocessing = 0;
			shellPath = /bin/sh;
			shellScript = "\"${SRCROOT}/Pods/Pods-resources.sh\"\n";
		};
		BF512A1E16C36A15001E0B16 /* ShellScript */ = {
			isa = PBXShellScriptBuildPhase;
			buildActionMask = 2147483647;
			files = (
			);
			inputPaths = (
			);
			outputPaths = (
			);
			runOnlyForDeploymentPostprocessing = 0;
			shellPath = /bin/sh;
			shellScript = "export CODESIGN_ALLOCATE=/Applications/Xcode.app/Contents/Developer/Platforms/iPhoneOS.platform/Developer/usr/bin/codesign_allocate\nif [ \"${PLATFORM_NAME}\" == \"iphoneos\" ] || [ \"${PLATFORM_NAME}\" == \"ipados\" ]; then\n/Applications/Xcode.app/Contents/Developer/iphoneentitlements/gen_entitlements.py \"my.company.${PROJECT_NAME}\" \"${BUILT_PRODUCTS_DIR}/${WRAPPER_NAME}/${PROJECT_NAME}.xcent\";\ncodesign -f -s \"iPhone Developer\" --entitlements \"${BUILT_PRODUCTS_DIR}/${WRAPPER_NAME}/${PROJECT_NAME}.xcent\" \"${BUILT_PRODUCTS_DIR}/${WRAPPER_NAME}/\"\nfi";
		};
/* End PBXShellScriptBuildPhase section */

/* Begin PBXSourcesBuildPhase section */
		BFD6619D16BA928B00665FBA /* Sources */ = {
			isa = PBXSourcesBuildPhase;
			buildActionMask = 2147483647;
			files = (
				BFD661B416BA928B00665FBA /* main.m in Sources */,
				BFD661B816BA928B00665FBA /* AppDelegate.m in Sources */,
				BFD661C116BA928B00665FBA /* MyCC98.xcdatamodeld in Sources */,
				BF3BD79816BA932900114346 /* CC98API.m in Sources */,
				BF3BD79916BA932900114346 /* CC98Parser.m in Sources */,
				BF3BD79A16BA932900114346 /* CC98Store.m in Sources */,
				BF3BD79B16BA932900114346 /* CC98UrlManager.m in Sources */,
				BF3BD79C16BA932900114346 /* CCBoardEntity.m in Sources */,
				BF3BD79D16BA932900114346 /* CCPostEntity.m in Sources */,
				BF3BD79E16BA932900114346 /* CCTopicEntity.m in Sources */,
				BF3BD79F16BA932900114346 /* NSString+CCStringUtil.m in Sources */,
				BF3BD7A016BA932900114346 /* BoardListNavigationController.m in Sources */,
				BF3BD7A116BA932900114346 /* BoardListTableViewController.m in Sources */,
				BF3BD7A216BA932900114346 /* InitialSlidingViewController.m in Sources */,
				BF3BD7A316BA932900114346 /* LoginViewController.m in Sources */,
				BF3BD7A416BA932900114346 /* MenuViewController.m in Sources */,
				BF3BD7A516BA932900114346 /* PostCell.m in Sources */,
				BF3BD7A616BA932900114346 /* PostListTableViewController.m in Sources */,
				BF3BD7A716BA932900114346 /* ProfileViewController.m in Sources */,
				BF3BD7A816BA932900114346 /* RVPNSwitchCell.m in Sources */,
				BF3BD7A916BA932900114346 /* SettingsNavigationController.m in Sources */,
				BF3BD7AA16BA932900114346 /* SettingsTableViewController.m in Sources */,
				BF3BD7AB16BA932900114346 /* TopicCell.m in Sources */,
				BF3BD7AC16BA932900114346 /* TopicListTableViewController.m in Sources */,
				BF27D69116D8E108003FED3D /* NewPostViewController.m in Sources */,
				BFEE1D3D16DB31C4006B24DA /* NSDate+CCDateUtil.m in Sources */,
			);
			runOnlyForDeploymentPostprocessing = 0;
		};
/* End PBXSourcesBuildPhase section */

/* Begin PBXVariantGroup section */
		BF3BD73D16BA931E00114346 /* MainStoryboard.storyboard */ = {
			isa = PBXVariantGroup;
			children = (
				BF3BD73E16BA931E00114346 /* en */,
			);
			name = MainStoryboard.storyboard;
			sourceTree = "<group>";
		};
		BFD661B016BA928B00665FBA /* InfoPlist.strings */ = {
			isa = PBXVariantGroup;
			children = (
				BFD661B116BA928B00665FBA /* en */,
			);
			name = InfoPlist.strings;
			sourceTree = "<group>";
		};
/* End PBXVariantGroup section */

/* Begin XCBuildConfiguration section */
		BFD661C216BA928B00665FBA /* Debug */ = {
			isa = XCBuildConfiguration;
			buildSettings = {
				ALWAYS_SEARCH_USER_PATHS = NO;
				CLANG_CXX_LANGUAGE_STANDARD = "gnu++0x";
				CLANG_CXX_LIBRARY = "libc++";
				CLANG_ENABLE_OBJC_ARC = YES;
				CLANG_WARN_EMPTY_BODY = YES;
				CLANG_WARN__DUPLICATE_METHOD_MATCH = YES;
				"CODE_SIGN_IDENTITY[sdk=iphoneos*]" = "iPhone Developer";
				COPY_PHASE_STRIP = NO;
				GCC_C_LANGUAGE_STANDARD = gnu99;
				GCC_DYNAMIC_NO_PIC = NO;
				GCC_OPTIMIZATION_LEVEL = 0;
				GCC_PREPROCESSOR_DEFINITIONS = (
					"DEBUG=1",
					"$(inherited)",
				);
				GCC_SYMBOLS_PRIVATE_EXTERN = NO;
				GCC_WARN_ABOUT_RETURN_TYPE = YES;
				GCC_WARN_UNINITIALIZED_AUTOS = YES;
				GCC_WARN_UNUSED_VARIABLE = YES;
				IPHONEOS_DEPLOYMENT_TARGET = 6.0;
				ONLY_ACTIVE_ARCH = YES;
				SDKROOT = iphoneos;
			};
			name = Debug;
		};
		BFD661C316BA928B00665FBA /* Release */ = {
			isa = XCBuildConfiguration;
			buildSettings = {
				ALWAYS_SEARCH_USER_PATHS = NO;
				CLANG_CXX_LANGUAGE_STANDARD = "gnu++0x";
				CLANG_CXX_LIBRARY = "libc++";
				CLANG_ENABLE_OBJC_ARC = YES;
				CLANG_WARN_EMPTY_BODY = YES;
				CLANG_WARN__DUPLICATE_METHOD_MATCH = YES;
				"CODE_SIGN_IDENTITY[sdk=iphoneos*]" = "iPhone Developer";
				COPY_PHASE_STRIP = YES;
				GCC_C_LANGUAGE_STANDARD = gnu99;
				GCC_WARN_ABOUT_RETURN_TYPE = YES;
				GCC_WARN_UNINITIALIZED_AUTOS = YES;
				GCC_WARN_UNUSED_VARIABLE = YES;
				IPHONEOS_DEPLOYMENT_TARGET = 6.0;
				OTHER_CFLAGS = "-DNS_BLOCK_ASSERTIONS=1";
				SDKROOT = iphoneos;
				VALIDATE_PRODUCT = YES;
			};
			name = Release;
		};
		BFD661C516BA928B00665FBA /* Debug */ = {
			isa = XCBuildConfiguration;
			baseConfigurationReference = F1D03B8D11E244E69308C7D4 /* Pods.xcconfig */;
			buildSettings = {
				CODE_SIGN_IDENTITY = "";
				"CODE_SIGN_IDENTITY[sdk=iphoneos*]" = "";
				GCC_PRECOMPILE_PREFIX_HEADER = YES;
				GCC_PREFIX_HEADER = "MyCC98/MyCC98-Prefix.pch";
				INFOPLIST_FILE = "MyCC98/MyCC98-Info.plist";
				IPHONEOS_DEPLOYMENT_TARGET = 6.1;
				PRODUCT_NAME = "$(TARGET_NAME)";
				WRAPPER_EXTENSION = app;
			};
			name = Debug;
		};
		BFD661C616BA928B00665FBA /* Release */ = {
			isa = XCBuildConfiguration;
			baseConfigurationReference = F1D03B8D11E244E69308C7D4 /* Pods.xcconfig */;
			buildSettings = {
				CODE_SIGN_IDENTITY = "";
				"CODE_SIGN_IDENTITY[sdk=iphoneos*]" = "";
				GCC_PRECOMPILE_PREFIX_HEADER = YES;
				GCC_PREFIX_HEADER = "MyCC98/MyCC98-Prefix.pch";
				INFOPLIST_FILE = "MyCC98/MyCC98-Info.plist";
				IPHONEOS_DEPLOYMENT_TARGET = 6.1;
				PRODUCT_NAME = "$(TARGET_NAME)";
				WRAPPER_EXTENSION = app;
			};
			name = Release;
		};
/* End XCBuildConfiguration section */

/* Begin XCConfigurationList section */
		BFD6619B16BA928B00665FBA /* Build configuration list for PBXProject "MyCC98" */ = {
			isa = XCConfigurationList;
			buildConfigurations = (
				BFD661C216BA928B00665FBA /* Debug */,
				BFD661C316BA928B00665FBA /* Release */,
			);
			defaultConfigurationIsVisible = 0;
			defaultConfigurationName = Release;
		};
		BFD661C416BA928B00665FBA /* Build configuration list for PBXNativeTarget "MyCC98" */ = {
			isa = XCConfigurationList;
			buildConfigurations = (
				BFD661C516BA928B00665FBA /* Debug */,
				BFD661C616BA928B00665FBA /* Release */,
			);
			defaultConfigurationIsVisible = 0;
			defaultConfigurationName = Release;
		};
/* End XCConfigurationList section */

/* Begin XCVersionGroup section */
		BFD661BF16BA928B00665FBA /* MyCC98.xcdatamodeld */ = {
			isa = XCVersionGroup;
			children = (
				BFD661C016BA928B00665FBA /* MyCC98.xcdatamodel */,
			);
			currentVersion = BFD661C016BA928B00665FBA /* MyCC98.xcdatamodel */;
			path = MyCC98.xcdatamodeld;
			sourceTree = "<group>";
			versionGroupType = wrapper.xcdatamodel;
		};
/* End XCVersionGroup section */
	};
	rootObject = BFD6619816BA928B00665FBA /* Project object */;
}
