// !$*UTF8*$!
{
	archiveVersion = 1;
	classes = {
	};
	objectVersion = 46;
	objects = {

/* Begin PBXBuildFile section */
		BF217B8B16A94C70004867FE /* ECSlidingViewController.m in Sources */ = {isa = PBXBuildFile; fileRef = BF217B8816A94C70004867FE /* ECSlidingViewController.m */; };
		BF217B8C16A94C70004867FE /* UIImage+ImageWithUIView.m in Sources */ = {isa = PBXBuildFile; fileRef = BF217B8A16A94C70004867FE /* UIImage+ImageWithUIView.m */; };
		BF217B9016A94C94004867FE /* InitialSlidingViewController.m in Sources */ = {isa = PBXBuildFile; fileRef = BF217B8F16A94C94004867FE /* InitialSlidingViewController.m */; };
		BF217B9316A94EBE004867FE /* MenuViewController.m in Sources */ = {isa = PBXBuildFile; fileRef = BF217B9216A94EBE004867FE /* MenuViewController.m */; };
		BF217B9616A94F3E004867FE /* CustomBoardNavigationController.m in Sources */ = {isa = PBXBuildFile; fileRef = BF217B9516A94F3E004867FE /* CustomBoardNavigationController.m */; };
		BF217B9916A95294004867FE /* CustomBoardTableViewController.m in Sources */ = {isa = PBXBuildFile; fileRef = BF217B9816A95294004867FE /* CustomBoardTableViewController.m */; };
		BF217BA216A969BA004867FE /* BoardEntity.m in Sources */ = {isa = PBXBuildFile; fileRef = BF217BA116A969B9004867FE /* BoardEntity.m */; };
		BF76335016A830F200FFA131 /* UIKit.framework in Frameworks */ = {isa = PBXBuildFile; fileRef = BF76334F16A830F200FFA131 /* UIKit.framework */; };
		BF76335216A830F200FFA131 /* Foundation.framework in Frameworks */ = {isa = PBXBuildFile; fileRef = BF76335116A830F200FFA131 /* Foundation.framework */; };
		BF76335416A830F200FFA131 /* CoreGraphics.framework in Frameworks */ = {isa = PBXBuildFile; fileRef = BF76335316A830F200FFA131 /* CoreGraphics.framework */; };
		BF76335616A830F200FFA131 /* CoreData.framework in Frameworks */ = {isa = PBXBuildFile; fileRef = BF76335516A830F200FFA131 /* CoreData.framework */; };
		BF76335C16A830F200FFA131 /* InfoPlist.strings in Resources */ = {isa = PBXBuildFile; fileRef = BF76335A16A830F200FFA131 /* InfoPlist.strings */; };
		BF76335E16A830F200FFA131 /* main.m in Sources */ = {isa = PBXBuildFile; fileRef = BF76335D16A830F200FFA131 /* main.m */; };
		BF76336216A830F200FFA131 /* AppDelegate.m in Sources */ = {isa = PBXBuildFile; fileRef = BF76336116A830F200FFA131 /* AppDelegate.m */; };
		BF76336416A830F200FFA131 /* Default.png in Resources */ = {isa = PBXBuildFile; fileRef = BF76336316A830F200FFA131 /* Default.png */; };
		BF76336616A830F200FFA131 /* Default@2x.png in Resources */ = {isa = PBXBuildFile; fileRef = BF76336516A830F200FFA131 /* Default@2x.png */; };
		BF76336816A830F200FFA131 /* Default-568h@2x.png in Resources */ = {isa = PBXBuildFile; fileRef = BF76336716A830F200FFA131 /* Default-568h@2x.png */; };
		BF76336B16A830F200FFA131 /* MainStoryboard.storyboard in Resources */ = {isa = PBXBuildFile; fileRef = BF76336916A830F200FFA131 /* MainStoryboard.storyboard */; };
		BF76336E16A830F200FFA131 /* MyCC98.xcdatamodeld in Sources */ = {isa = PBXBuildFile; fileRef = BF76336C16A830F200FFA131 /* MyCC98.xcdatamodeld */; };
		BF76338216A8349200FFA131 /* LoginViewController.m in Sources */ = {isa = PBXBuildFile; fileRef = BF76338116A8349200FFA131 /* LoginViewController.m */; };
		BF97057116A917AD00FECBFD /* logo.png in Resources */ = {isa = PBXBuildFile; fileRef = BF97057016A917AD00FECBFD /* logo.png */; };
		BF97057816A9233900FECBFD /* CC98Parser.m in Sources */ = {isa = PBXBuildFile; fileRef = BF97057716A9233900FECBFD /* CC98Parser.m */; };
		BF97057B16A9238C00FECBFD /* CC98UrlManager.m in Sources */ = {isa = PBXBuildFile; fileRef = BF97057A16A9238C00FECBFD /* CC98UrlManager.m */; };
		BF97058A16A9272500FECBFD /* Security.framework in Frameworks */ = {isa = PBXBuildFile; fileRef = BF97058816A9270900FECBFD /* Security.framework */; };
		BF97058B16A9272A00FECBFD /* SystemConfiguration.framework in Frameworks */ = {isa = PBXBuildFile; fileRef = BF97058616A9270300FECBFD /* SystemConfiguration.framework */; };
		BF97058C16A9272E00FECBFD /* MobileCoreServices.framework in Frameworks */ = {isa = PBXBuildFile; fileRef = BF97058416A926FD00FECBFD /* MobileCoreServices.framework */; };
		BF9705A116A9276600FECBFD /* AFHTTPClient.m in Sources */ = {isa = PBXBuildFile; fileRef = BF97058F16A9276600FECBFD /* AFHTTPClient.m */; };
		BF9705A216A9276600FECBFD /* AFHTTPRequestOperation.m in Sources */ = {isa = PBXBuildFile; fileRef = BF97059116A9276600FECBFD /* AFHTTPRequestOperation.m */; };
		BF9705A316A9276600FECBFD /* AFImageRequestOperation.m in Sources */ = {isa = PBXBuildFile; fileRef = BF97059316A9276600FECBFD /* AFImageRequestOperation.m */; };
		BF9705A416A9276600FECBFD /* AFJSONRequestOperation.m in Sources */ = {isa = PBXBuildFile; fileRef = BF97059516A9276600FECBFD /* AFJSONRequestOperation.m */; };
		BF9705A516A9276600FECBFD /* AFNetworkActivityIndicatorManager.m in Sources */ = {isa = PBXBuildFile; fileRef = BF97059716A9276600FECBFD /* AFNetworkActivityIndicatorManager.m */; };
		BF9705A616A9276600FECBFD /* AFPropertyListRequestOperation.m in Sources */ = {isa = PBXBuildFile; fileRef = BF97059A16A9276600FECBFD /* AFPropertyListRequestOperation.m */; };
		BF9705A716A9276600FECBFD /* AFURLConnectionOperation.m in Sources */ = {isa = PBXBuildFile; fileRef = BF97059C16A9276600FECBFD /* AFURLConnectionOperation.m */; };
		BF9705A816A9276600FECBFD /* AFXMLRequestOperation.m in Sources */ = {isa = PBXBuildFile; fileRef = BF97059E16A9276600FECBFD /* AFXMLRequestOperation.m */; };
		BF9705A916A9276600FECBFD /* UIImageView+AFNetworking.m in Sources */ = {isa = PBXBuildFile; fileRef = BF9705A016A9276600FECBFD /* UIImageView+AFNetworking.m */; };
		BF9705AD16A92B4A00FECBFD /* CC98API.m in Sources */ = {isa = PBXBuildFile; fileRef = BF9705AC16A92B4A00FECBFD /* CC98API.m */; };
		BFBB5AEE16A99C7900CBF9A1 /* HotTopicNavigationController.m in Sources */ = {isa = PBXBuildFile; fileRef = BFBB5AED16A99C7900CBF9A1 /* HotTopicNavigationController.m */; };
		BFBB5AF216A99CC300CBF9A1 /* HotTopicTableViewController.m in Sources */ = {isa = PBXBuildFile; fileRef = BFBB5AF116A99CC300CBF9A1 /* HotTopicTableViewController.m */; };
		BFBB5AF516A99F6300CBF9A1 /* HotTopicEntity.m in Sources */ = {isa = PBXBuildFile; fileRef = BFBB5AF416A99F6200CBF9A1 /* HotTopicEntity.m */; };
		BFBB5AFC16A9AFCA00CBF9A1 /* icon.png in Resources */ = {isa = PBXBuildFile; fileRef = BFBB5AFB16A9AFC900CBF9A1 /* icon.png */; };
		BFBB5AFE16A9AFD100CBF9A1 /* icon_r.png in Resources */ = {isa = PBXBuildFile; fileRef = BFBB5AFD16A9AFD100CBF9A1 /* icon_r.png */; };
/* End PBXBuildFile section */

/* Begin PBXFileReference section */
		BF217B8716A94C70004867FE /* ECSlidingViewController.h */ = {isa = PBXFileReference; fileEncoding = 4; lastKnownFileType = sourcecode.c.h; path = ECSlidingViewController.h; sourceTree = "<group>"; };
		BF217B8816A94C70004867FE /* ECSlidingViewController.m */ = {isa = PBXFileReference; fileEncoding = 4; lastKnownFileType = sourcecode.c.objc; path = ECSlidingViewController.m; sourceTree = "<group>"; };
		BF217B8916A94C70004867FE /* UIImage+ImageWithUIView.h */ = {isa = PBXFileReference; fileEncoding = 4; lastKnownFileType = sourcecode.c.h; path = "UIImage+ImageWithUIView.h"; sourceTree = "<group>"; };
		BF217B8A16A94C70004867FE /* UIImage+ImageWithUIView.m */ = {isa = PBXFileReference; fileEncoding = 4; lastKnownFileType = sourcecode.c.objc; path = "UIImage+ImageWithUIView.m"; sourceTree = "<group>"; };
		BF217B8E16A94C94004867FE /* InitialSlidingViewController.h */ = {isa = PBXFileReference; fileEncoding = 4; lastKnownFileType = sourcecode.c.h; path = InitialSlidingViewController.h; sourceTree = "<group>"; };
		BF217B8F16A94C94004867FE /* InitialSlidingViewController.m */ = {isa = PBXFileReference; fileEncoding = 4; lastKnownFileType = sourcecode.c.objc; path = InitialSlidingViewController.m; sourceTree = "<group>"; };
		BF217B9116A94EBD004867FE /* MenuViewController.h */ = {isa = PBXFileReference; fileEncoding = 4; lastKnownFileType = sourcecode.c.h; path = MenuViewController.h; sourceTree = "<group>"; };
		BF217B9216A94EBE004867FE /* MenuViewController.m */ = {isa = PBXFileReference; fileEncoding = 4; lastKnownFileType = sourcecode.c.objc; path = MenuViewController.m; sourceTree = "<group>"; };
		BF217B9416A94F3E004867FE /* CustomBoardNavigationController.h */ = {isa = PBXFileReference; fileEncoding = 4; lastKnownFileType = sourcecode.c.h; path = CustomBoardNavigationController.h; sourceTree = "<group>"; };
		BF217B9516A94F3E004867FE /* CustomBoardNavigationController.m */ = {isa = PBXFileReference; fileEncoding = 4; lastKnownFileType = sourcecode.c.objc; path = CustomBoardNavigationController.m; sourceTree = "<group>"; };
		BF217B9716A95294004867FE /* CustomBoardTableViewController.h */ = {isa = PBXFileReference; fileEncoding = 4; lastKnownFileType = sourcecode.c.h; path = CustomBoardTableViewController.h; sourceTree = "<group>"; };
		BF217B9816A95294004867FE /* CustomBoardTableViewController.m */ = {isa = PBXFileReference; fileEncoding = 4; lastKnownFileType = sourcecode.c.objc; path = CustomBoardTableViewController.m; sourceTree = "<group>"; };
		BF217BA016A969B9004867FE /* BoardEntity.h */ = {isa = PBXFileReference; fileEncoding = 4; lastKnownFileType = sourcecode.c.h; path = BoardEntity.h; sourceTree = "<group>"; };
		BF217BA116A969B9004867FE /* BoardEntity.m */ = {isa = PBXFileReference; fileEncoding = 4; lastKnownFileType = sourcecode.c.objc; path = BoardEntity.m; sourceTree = "<group>"; };
		BF217BA316A96CF6004867FE /* CC98Regex.h */ = {isa = PBXFileReference; fileEncoding = 4; lastKnownFileType = sourcecode.c.h; path = CC98Regex.h; sourceTree = "<group>"; };
		BF76334B16A830F200FFA131 /* MyCC98.app */ = {isa = PBXFileReference; explicitFileType = wrapper.application; includeInIndex = 0; path = MyCC98.app; sourceTree = BUILT_PRODUCTS_DIR; };
		BF76334F16A830F200FFA131 /* UIKit.framework */ = {isa = PBXFileReference; lastKnownFileType = wrapper.framework; name = UIKit.framework; path = System/Library/Frameworks/UIKit.framework; sourceTree = SDKROOT; };
		BF76335116A830F200FFA131 /* Foundation.framework */ = {isa = PBXFileReference; lastKnownFileType = wrapper.framework; name = Foundation.framework; path = System/Library/Frameworks/Foundation.framework; sourceTree = SDKROOT; };
		BF76335316A830F200FFA131 /* CoreGraphics.framework */ = {isa = PBXFileReference; lastKnownFileType = wrapper.framework; name = CoreGraphics.framework; path = System/Library/Frameworks/CoreGraphics.framework; sourceTree = SDKROOT; };
		BF76335516A830F200FFA131 /* CoreData.framework */ = {isa = PBXFileReference; lastKnownFileType = wrapper.framework; name = CoreData.framework; path = System/Library/Frameworks/CoreData.framework; sourceTree = SDKROOT; };
		BF76335916A830F200FFA131 /* MyCC98-Info.plist */ = {isa = PBXFileReference; lastKnownFileType = text.plist.xml; path = "MyCC98-Info.plist"; sourceTree = "<group>"; };
		BF76335B16A830F200FFA131 /* en */ = {isa = PBXFileReference; lastKnownFileType = text.plist.strings; name = en; path = en.lproj/InfoPlist.strings; sourceTree = "<group>"; };
		BF76335D16A830F200FFA131 /* main.m */ = {isa = PBXFileReference; lastKnownFileType = sourcecode.c.objc; path = main.m; sourceTree = "<group>"; };
		BF76335F16A830F200FFA131 /* MyCC98-Prefix.pch */ = {isa = PBXFileReference; lastKnownFileType = sourcecode.c.h; path = "MyCC98-Prefix.pch"; sourceTree = "<group>"; };
		BF76336016A830F200FFA131 /* AppDelegate.h */ = {isa = PBXFileReference; lastKnownFileType = sourcecode.c.h; path = AppDelegate.h; sourceTree = "<group>"; };
		BF76336116A830F200FFA131 /* AppDelegate.m */ = {isa = PBXFileReference; lastKnownFileType = sourcecode.c.objc; path = AppDelegate.m; sourceTree = "<group>"; };
		BF76336316A830F200FFA131 /* Default.png */ = {isa = PBXFileReference; lastKnownFileType = image.png; path = Default.png; sourceTree = "<group>"; };
		BF76336516A830F200FFA131 /* Default@2x.png */ = {isa = PBXFileReference; lastKnownFileType = image.png; path = "Default@2x.png"; sourceTree = "<group>"; };
		BF76336716A830F200FFA131 /* Default-568h@2x.png */ = {isa = PBXFileReference; lastKnownFileType = image.png; path = "Default-568h@2x.png"; sourceTree = "<group>"; };
		BF76336A16A830F200FFA131 /* en */ = {isa = PBXFileReference; lastKnownFileType = file.storyboard; name = en; path = en.lproj/MainStoryboard.storyboard; sourceTree = "<group>"; };
		BF76336D16A830F200FFA131 /* MyCC98.xcdatamodel */ = {isa = PBXFileReference; lastKnownFileType = wrapper.xcdatamodel; path = MyCC98.xcdatamodel; sourceTree = "<group>"; };
		BF76338016A8349200FFA131 /* LoginViewController.h */ = {isa = PBXFileReference; fileEncoding = 4; lastKnownFileType = sourcecode.c.h; path = LoginViewController.h; sourceTree = "<group>"; };
		BF76338116A8349200FFA131 /* LoginViewController.m */ = {isa = PBXFileReference; fileEncoding = 4; lastKnownFileType = sourcecode.c.objc; path = LoginViewController.m; sourceTree = "<group>"; };
		BF97057016A917AD00FECBFD /* logo.png */ = {isa = PBXFileReference; lastKnownFileType = image.png; path = logo.png; sourceTree = "<group>"; };
		BF97057616A9233900FECBFD /* CC98Parser.h */ = {isa = PBXFileReference; fileEncoding = 4; lastKnownFileType = sourcecode.c.h; path = CC98Parser.h; sourceTree = "<group>"; };
		BF97057716A9233900FECBFD /* CC98Parser.m */ = {isa = PBXFileReference; fileEncoding = 4; lastKnownFileType = sourcecode.c.objc; path = CC98Parser.m; sourceTree = "<group>"; };
		BF97057916A9238C00FECBFD /* CC98UrlManager.h */ = {isa = PBXFileReference; fileEncoding = 4; lastKnownFileType = sourcecode.c.h; path = CC98UrlManager.h; sourceTree = "<group>"; };
		BF97057A16A9238C00FECBFD /* CC98UrlManager.m */ = {isa = PBXFileReference; fileEncoding = 4; lastKnownFileType = sourcecode.c.objc; path = CC98UrlManager.m; sourceTree = "<group>"; };
		BF97058416A926FD00FECBFD /* MobileCoreServices.framework */ = {isa = PBXFileReference; lastKnownFileType = wrapper.framework; name = MobileCoreServices.framework; path = System/Library/Frameworks/MobileCoreServices.framework; sourceTree = SDKROOT; };
		BF97058616A9270300FECBFD /* SystemConfiguration.framework */ = {isa = PBXFileReference; lastKnownFileType = wrapper.framework; name = SystemConfiguration.framework; path = System/Library/Frameworks/SystemConfiguration.framework; sourceTree = SDKROOT; };
		BF97058816A9270900FECBFD /* Security.framework */ = {isa = PBXFileReference; lastKnownFileType = wrapper.framework; name = Security.framework; path = System/Library/Frameworks/Security.framework; sourceTree = SDKROOT; };
		BF97058E16A9276600FECBFD /* AFHTTPClient.h */ = {isa = PBXFileReference; fileEncoding = 4; lastKnownFileType = sourcecode.c.h; path = AFHTTPClient.h; sourceTree = "<group>"; };
		BF97058F16A9276600FECBFD /* AFHTTPClient.m */ = {isa = PBXFileReference; fileEncoding = 4; lastKnownFileType = sourcecode.c.objc; path = AFHTTPClient.m; sourceTree = "<group>"; };
		BF97059016A9276600FECBFD /* AFHTTPRequestOperation.h */ = {isa = PBXFileReference; fileEncoding = 4; lastKnownFileType = sourcecode.c.h; path = AFHTTPRequestOperation.h; sourceTree = "<group>"; };
		BF97059116A9276600FECBFD /* AFHTTPRequestOperation.m */ = {isa = PBXFileReference; fileEncoding = 4; lastKnownFileType = sourcecode.c.objc; path = AFHTTPRequestOperation.m; sourceTree = "<group>"; };
		BF97059216A9276600FECBFD /* AFImageRequestOperation.h */ = {isa = PBXFileReference; fileEncoding = 4; lastKnownFileType = sourcecode.c.h; path = AFImageRequestOperation.h; sourceTree = "<group>"; };
		BF97059316A9276600FECBFD /* AFImageRequestOperation.m */ = {isa = PBXFileReference; fileEncoding = 4; lastKnownFileType = sourcecode.c.objc; path = AFImageRequestOperation.m; sourceTree = "<group>"; };
		BF97059416A9276600FECBFD /* AFJSONRequestOperation.h */ = {isa = PBXFileReference; fileEncoding = 4; lastKnownFileType = sourcecode.c.h; path = AFJSONRequestOperation.h; sourceTree = "<group>"; };
		BF97059516A9276600FECBFD /* AFJSONRequestOperation.m */ = {isa = PBXFileReference; fileEncoding = 4; lastKnownFileType = sourcecode.c.objc; path = AFJSONRequestOperation.m; sourceTree = "<group>"; };
		BF97059616A9276600FECBFD /* AFNetworkActivityIndicatorManager.h */ = {isa = PBXFileReference; fileEncoding = 4; lastKnownFileType = sourcecode.c.h; path = AFNetworkActivityIndicatorManager.h; sourceTree = "<group>"; };
		BF97059716A9276600FECBFD /* AFNetworkActivityIndicatorManager.m */ = {isa = PBXFileReference; fileEncoding = 4; lastKnownFileType = sourcecode.c.objc; path = AFNetworkActivityIndicatorManager.m; sourceTree = "<group>"; };
		BF97059816A9276600FECBFD /* AFNetworking.h */ = {isa = PBXFileReference; fileEncoding = 4; lastKnownFileType = sourcecode.c.h; path = AFNetworking.h; sourceTree = "<group>"; };
		BF97059916A9276600FECBFD /* AFPropertyListRequestOperation.h */ = {isa = PBXFileReference; fileEncoding = 4; lastKnownFileType = sourcecode.c.h; path = AFPropertyListRequestOperation.h; sourceTree = "<group>"; };
		BF97059A16A9276600FECBFD /* AFPropertyListRequestOperation.m */ = {isa = PBXFileReference; fileEncoding = 4; lastKnownFileType = sourcecode.c.objc; path = AFPropertyListRequestOperation.m; sourceTree = "<group>"; };
		BF97059B16A9276600FECBFD /* AFURLConnectionOperation.h */ = {isa = PBXFileReference; fileEncoding = 4; lastKnownFileType = sourcecode.c.h; path = AFURLConnectionOperation.h; sourceTree = "<group>"; };
		BF97059C16A9276600FECBFD /* AFURLConnectionOperation.m */ = {isa = PBXFileReference; fileEncoding = 4; lastKnownFileType = sourcecode.c.objc; path = AFURLConnectionOperation.m; sourceTree = "<group>"; };
		BF97059D16A9276600FECBFD /* AFXMLRequestOperation.h */ = {isa = PBXFileReference; fileEncoding = 4; lastKnownFileType = sourcecode.c.h; path = AFXMLRequestOperation.h; sourceTree = "<group>"; };
		BF97059E16A9276600FECBFD /* AFXMLRequestOperation.m */ = {isa = PBXFileReference; fileEncoding = 4; lastKnownFileType = sourcecode.c.objc; path = AFXMLRequestOperation.m; sourceTree = "<group>"; };
		BF97059F16A9276600FECBFD /* UIImageView+AFNetworking.h */ = {isa = PBXFileReference; fileEncoding = 4; lastKnownFileType = sourcecode.c.h; path = "UIImageView+AFNetworking.h"; sourceTree = "<group>"; };
		BF9705A016A9276600FECBFD /* UIImageView+AFNetworking.m */ = {isa = PBXFileReference; fileEncoding = 4; lastKnownFileType = sourcecode.c.objc; path = "UIImageView+AFNetworking.m"; sourceTree = "<group>"; };
		BF9705AB16A92B4A00FECBFD /* CC98API.h */ = {isa = PBXFileReference; fileEncoding = 4; lastKnownFileType = sourcecode.c.h; path = CC98API.h; sourceTree = "<group>"; };
		BF9705AC16A92B4A00FECBFD /* CC98API.m */ = {isa = PBXFileReference; fileEncoding = 4; lastKnownFileType = sourcecode.c.objc; path = CC98API.m; sourceTree = "<group>"; };
		BFBB5AEC16A99C7900CBF9A1 /* HotTopicNavigationController.h */ = {isa = PBXFileReference; fileEncoding = 4; lastKnownFileType = sourcecode.c.h; path = HotTopicNavigationController.h; sourceTree = "<group>"; };
		BFBB5AED16A99C7900CBF9A1 /* HotTopicNavigationController.m */ = {isa = PBXFileReference; fileEncoding = 4; lastKnownFileType = sourcecode.c.objc; path = HotTopicNavigationController.m; sourceTree = "<group>"; };
		BFBB5AF016A99CC200CBF9A1 /* HotTopicTableViewController.h */ = {isa = PBXFileReference; fileEncoding = 4; lastKnownFileType = sourcecode.c.h; path = HotTopicTableViewController.h; sourceTree = "<group>"; };
		BFBB5AF116A99CC300CBF9A1 /* HotTopicTableViewController.m */ = {isa = PBXFileReference; fileEncoding = 4; lastKnownFileType = sourcecode.c.objc; path = HotTopicTableViewController.m; sourceTree = "<group>"; };
		BFBB5AF316A99F6200CBF9A1 /* HotTopicEntity.h */ = {isa = PBXFileReference; fileEncoding = 4; lastKnownFileType = sourcecode.c.h; path = HotTopicEntity.h; sourceTree = "<group>"; };
		BFBB5AF416A99F6200CBF9A1 /* HotTopicEntity.m */ = {isa = PBXFileReference; fileEncoding = 4; lastKnownFileType = sourcecode.c.objc; path = HotTopicEntity.m; sourceTree = "<group>"; };
		BFBB5AFB16A9AFC900CBF9A1 /* icon.png */ = {isa = PBXFileReference; lastKnownFileType = image.png; name = icon.png; path = ../icon.png; sourceTree = "<group>"; };
		BFBB5AFD16A9AFD100CBF9A1 /* icon_r.png */ = {isa = PBXFileReference; lastKnownFileType = image.png; name = icon_r.png; path = ../icon_r.png; sourceTree = "<group>"; };
/* End PBXFileReference section */

/* Begin PBXFrameworksBuildPhase section */
		BF76334816A830F200FFA131 /* Frameworks */ = {
			isa = PBXFrameworksBuildPhase;
			buildActionMask = 2147483647;
			files = (
				BF97058C16A9272E00FECBFD /* MobileCoreServices.framework in Frameworks */,
				BF97058B16A9272A00FECBFD /* SystemConfiguration.framework in Frameworks */,
				BF97058A16A9272500FECBFD /* Security.framework in Frameworks */,
				BF76335016A830F200FFA131 /* UIKit.framework in Frameworks */,
				BF76335216A830F200FFA131 /* Foundation.framework in Frameworks */,
				BF76335416A830F200FFA131 /* CoreGraphics.framework in Frameworks */,
				BF76335616A830F200FFA131 /* CoreData.framework in Frameworks */,
			);
			runOnlyForDeploymentPostprocessing = 0;
		};
/* End PBXFrameworksBuildPhase section */

/* Begin PBXGroup section */
		BF217B8616A94C70004867FE /* ECSlidingViewController */ = {
			isa = PBXGroup;
			children = (
				BF217B8716A94C70004867FE /* ECSlidingViewController.h */,
				BF217B8816A94C70004867FE /* ECSlidingViewController.m */,
				BF217B8916A94C70004867FE /* UIImage+ImageWithUIView.h */,
				BF217B8A16A94C70004867FE /* UIImage+ImageWithUIView.m */,
			);
			path = ECSlidingViewController;
			sourceTree = "<group>";
		};
		BF217B9A16A963C1004867FE /* CC98LIB */ = {
			isa = PBXGroup;
			children = (
				BF97057616A9233900FECBFD /* CC98Parser.h */,
				BF97057716A9233900FECBFD /* CC98Parser.m */,
				BF97057916A9238C00FECBFD /* CC98UrlManager.h */,
				BF97057A16A9238C00FECBFD /* CC98UrlManager.m */,
				BF9705AB16A92B4A00FECBFD /* CC98API.h */,
				BF9705AC16A92B4A00FECBFD /* CC98API.m */,
				BF217BA016A969B9004867FE /* BoardEntity.h */,
				BF217BA116A969B9004867FE /* BoardEntity.m */,
				BF217BA316A96CF6004867FE /* CC98Regex.h */,
				BFBB5AF316A99F6200CBF9A1 /* HotTopicEntity.h */,
				BFBB5AF416A99F6200CBF9A1 /* HotTopicEntity.m */,
			);
			name = CC98LIB;
			sourceTree = "<group>";
		};
		BF217B9B16A963E6004867FE /* Vendor */ = {
			isa = PBXGroup;
			children = (
				BF217B8616A94C70004867FE /* ECSlidingViewController */,
				BF97058D16A9276600FECBFD /* AFNetworking */,
			);
			name = Vendor;
			sourceTree = "<group>";
		};
		BF217B9C16A96427004867FE /* Controller */ = {
			isa = PBXGroup;
			children = (
				BF76338016A8349200FFA131 /* LoginViewController.h */,
				BF76338116A8349200FFA131 /* LoginViewController.m */,
				BF217B8E16A94C94004867FE /* InitialSlidingViewController.h */,
				BF217B8F16A94C94004867FE /* InitialSlidingViewController.m */,
				BF217B9116A94EBD004867FE /* MenuViewController.h */,
				BF217B9216A94EBE004867FE /* MenuViewController.m */,
				BF217B9416A94F3E004867FE /* CustomBoardNavigationController.h */,
				BF217B9516A94F3E004867FE /* CustomBoardNavigationController.m */,
				BF217B9716A95294004867FE /* CustomBoardTableViewController.h */,
				BF217B9816A95294004867FE /* CustomBoardTableViewController.m */,
				BFBB5AEC16A99C7900CBF9A1 /* HotTopicNavigationController.h */,
				BFBB5AED16A99C7900CBF9A1 /* HotTopicNavigationController.m */,
				BFBB5AF016A99CC200CBF9A1 /* HotTopicTableViewController.h */,
				BFBB5AF116A99CC300CBF9A1 /* HotTopicTableViewController.m */,
			);
			name = Controller;
			sourceTree = "<group>";
		};
		BF76334016A830F200FFA131 = {
			isa = PBXGroup;
			children = (
				BF76335716A830F200FFA131 /* MyCC98 */,
				BF76334E16A830F200FFA131 /* Frameworks */,
				BF76334C16A830F200FFA131 /* Products */,
			);
			sourceTree = "<group>";
		};
		BF76334C16A830F200FFA131 /* Products */ = {
			isa = PBXGroup;
			children = (
				BF76334B16A830F200FFA131 /* MyCC98.app */,
			);
			name = Products;
			sourceTree = "<group>";
		};
		BF76334E16A830F200FFA131 /* Frameworks */ = {
			isa = PBXGroup;
			children = (
				BF97058816A9270900FECBFD /* Security.framework */,
				BF97058616A9270300FECBFD /* SystemConfiguration.framework */,
				BF97058416A926FD00FECBFD /* MobileCoreServices.framework */,
				BF76334F16A830F200FFA131 /* UIKit.framework */,
				BF76335116A830F200FFA131 /* Foundation.framework */,
				BF76335316A830F200FFA131 /* CoreGraphics.framework */,
				BF76335516A830F200FFA131 /* CoreData.framework */,
			);
			name = Frameworks;
			sourceTree = "<group>";
		};
		BF76335716A830F200FFA131 /* MyCC98 */ = {
			isa = PBXGroup;
			children = (
				BF217B9C16A96427004867FE /* Controller */,
				BF217B9B16A963E6004867FE /* Vendor */,
				BF217B9A16A963C1004867FE /* CC98LIB */,
				BF76336016A830F200FFA131 /* AppDelegate.h */,
				BF76336116A830F200FFA131 /* AppDelegate.m */,
				BF76336916A830F200FFA131 /* MainStoryboard.storyboard */,
				BF76336C16A830F200FFA131 /* MyCC98.xcdatamodeld */,
				BF76335816A830F200FFA131 /* Supporting Files */,
			);
			path = MyCC98;
			sourceTree = "<group>";
		};
		BF76335816A830F200FFA131 /* Supporting Files */ = {
			isa = PBXGroup;
			children = (
				BFBB5AFD16A9AFD100CBF9A1 /* icon_r.png */,
				BFBB5AFB16A9AFC900CBF9A1 /* icon.png */,
				BF97057016A917AD00FECBFD /* logo.png */,
				BF76335916A830F200FFA131 /* MyCC98-Info.plist */,
				BF76335A16A830F200FFA131 /* InfoPlist.strings */,
				BF76335D16A830F200FFA131 /* main.m */,
				BF76335F16A830F200FFA131 /* MyCC98-Prefix.pch */,
				BF76336316A830F200FFA131 /* Default.png */,
				BF76336516A830F200FFA131 /* Default@2x.png */,
				BF76336716A830F200FFA131 /* Default-568h@2x.png */,
			);
			name = "Supporting Files";
			sourceTree = "<group>";
		};
		BF97058D16A9276600FECBFD /* AFNetworking */ = {
			isa = PBXGroup;
			children = (
				BF97058E16A9276600FECBFD /* AFHTTPClient.h */,
				BF97058F16A9276600FECBFD /* AFHTTPClient.m */,
				BF97059016A9276600FECBFD /* AFHTTPRequestOperation.h */,
				BF97059116A9276600FECBFD /* AFHTTPRequestOperation.m */,
				BF97059216A9276600FECBFD /* AFImageRequestOperation.h */,
				BF97059316A9276600FECBFD /* AFImageRequestOperation.m */,
				BF97059416A9276600FECBFD /* AFJSONRequestOperation.h */,
				BF97059516A9276600FECBFD /* AFJSONRequestOperation.m */,
				BF97059616A9276600FECBFD /* AFNetworkActivityIndicatorManager.h */,
				BF97059716A9276600FECBFD /* AFNetworkActivityIndicatorManager.m */,
				BF97059816A9276600FECBFD /* AFNetworking.h */,
				BF97059916A9276600FECBFD /* AFPropertyListRequestOperation.h */,
				BF97059A16A9276600FECBFD /* AFPropertyListRequestOperation.m */,
				BF97059B16A9276600FECBFD /* AFURLConnectionOperation.h */,
				BF97059C16A9276600FECBFD /* AFURLConnectionOperation.m */,
				BF97059D16A9276600FECBFD /* AFXMLRequestOperation.h */,
				BF97059E16A9276600FECBFD /* AFXMLRequestOperation.m */,
				BF97059F16A9276600FECBFD /* UIImageView+AFNetworking.h */,
				BF9705A016A9276600FECBFD /* UIImageView+AFNetworking.m */,
			);
			path = AFNetworking;
			sourceTree = "<group>";
		};
/* End PBXGroup section */

/* Begin PBXNativeTarget section */
		BF76334A16A830F200FFA131 /* MyCC98 */ = {
			isa = PBXNativeTarget;
			buildConfigurationList = BF76337716A830F200FFA131 /* Build configuration list for PBXNativeTarget "MyCC98" */;
			buildPhases = (
				BF76334716A830F200FFA131 /* Sources */,
				BF76334816A830F200FFA131 /* Frameworks */,
				BF76334916A830F200FFA131 /* Resources */,
				BFBB5AF616A9AC0700CBF9A1 /* ShellScript */,
			);
			buildRules = (
			);
			dependencies = (
			);
			name = MyCC98;
			productName = MyCC98;
			productReference = BF76334B16A830F200FFA131 /* MyCC98.app */;
			productType = "com.apple.product-type.application";
		};
/* End PBXNativeTarget section */

/* Begin PBXProject section */
		BF76334216A830F200FFA131 /* Project object */ = {
			isa = PBXProject;
			attributes = {
				LastUpgradeCheck = 0450;
				ORGANIZATIONNAME = "Zhejiang University";
			};
			buildConfigurationList = BF76334516A830F200FFA131 /* Build configuration list for PBXProject "MyCC98" */;
			compatibilityVersion = "Xcode 3.2";
			developmentRegion = English;
			hasScannedForEncodings = 0;
			knownRegions = (
				en,
			);
			mainGroup = BF76334016A830F200FFA131;
			productRefGroup = BF76334C16A830F200FFA131 /* Products */;
			projectDirPath = "";
			projectRoot = "";
			targets = (
				BF76334A16A830F200FFA131 /* MyCC98 */,
			);
		};
/* End PBXProject section */

/* Begin PBXResourcesBuildPhase section */
		BF76334916A830F200FFA131 /* Resources */ = {
			isa = PBXResourcesBuildPhase;
			buildActionMask = 2147483647;
			files = (
				BF76335C16A830F200FFA131 /* InfoPlist.strings in Resources */,
				BF76336416A830F200FFA131 /* Default.png in Resources */,
				BF76336616A830F200FFA131 /* Default@2x.png in Resources */,
				BF76336816A830F200FFA131 /* Default-568h@2x.png in Resources */,
				BF76336B16A830F200FFA131 /* MainStoryboard.storyboard in Resources */,
				BF97057116A917AD00FECBFD /* logo.png in Resources */,
				BFBB5AFC16A9AFCA00CBF9A1 /* icon.png in Resources */,
				BFBB5AFE16A9AFD100CBF9A1 /* icon_r.png in Resources */,
			);
			runOnlyForDeploymentPostprocessing = 0;
		};
/* End PBXResourcesBuildPhase section */

/* Begin PBXShellScriptBuildPhase section */
		BFBB5AF616A9AC0700CBF9A1 /* ShellScript */ = {
			isa = PBXShellScriptBuildPhase;
			buildActionMask = 2147483647;
			files = (
			);
			inputPaths = (
			);
			outputPaths = (
			);
			runOnlyForDeploymentPostprocessing = 0;
			shellPath = /bin/sh;
			shellScript = "export CODESIGN_ALLOCATE=/Applications/Xcode.app/Contents/Developer/Platforms/iPhoneOS.platform/Developer/usr/bin/codesign_allocate\nif [ \"${PLATFORM_NAME}\" == \"iphoneos\" ] || [ \"${PLATFORM_NAME}\" == \"ipados\" ]; then\n/Applications/Xcode.app/Contents/Developer/iphoneentitlements/gen_entitlements.py \"my.company.${PROJECT_NAME}\" \"${BUILT_PRODUCTS_DIR}/${WRAPPER_NAME}/${PROJECT_NAME}.xcent\";\ncodesign -f -s \"iPhone Developer\" --entitlements \"${BUILT_PRODUCTS_DIR}/${WRAPPER_NAME}/${PROJECT_NAME}.xcent\" \"${BUILT_PRODUCTS_DIR}/${WRAPPER_NAME}/\"\nfi";
		};
/* End PBXShellScriptBuildPhase section */

/* Begin PBXSourcesBuildPhase section */
		BF76334716A830F200FFA131 /* Sources */ = {
			isa = PBXSourcesBuildPhase;
			buildActionMask = 2147483647;
			files = (
				BF76335E16A830F200FFA131 /* main.m in Sources */,
				BF76336216A830F200FFA131 /* AppDelegate.m in Sources */,
				BF76336E16A830F200FFA131 /* MyCC98.xcdatamodeld in Sources */,
				BF76338216A8349200FFA131 /* LoginViewController.m in Sources */,
				BF97057816A9233900FECBFD /* CC98Parser.m in Sources */,
				BF97057B16A9238C00FECBFD /* CC98UrlManager.m in Sources */,
				BF9705A116A9276600FECBFD /* AFHTTPClient.m in Sources */,
				BF9705A216A9276600FECBFD /* AFHTTPRequestOperation.m in Sources */,
				BF9705A316A9276600FECBFD /* AFImageRequestOperation.m in Sources */,
				BF9705A416A9276600FECBFD /* AFJSONRequestOperation.m in Sources */,
				BF9705A516A9276600FECBFD /* AFNetworkActivityIndicatorManager.m in Sources */,
				BF9705A616A9276600FECBFD /* AFPropertyListRequestOperation.m in Sources */,
				BF9705A716A9276600FECBFD /* AFURLConnectionOperation.m in Sources */,
				BF9705A816A9276600FECBFD /* AFXMLRequestOperation.m in Sources */,
				BF9705A916A9276600FECBFD /* UIImageView+AFNetworking.m in Sources */,
				BF9705AD16A92B4A00FECBFD /* CC98API.m in Sources */,
				BF217B8B16A94C70004867FE /* ECSlidingViewController.m in Sources */,
				BF217B8C16A94C70004867FE /* UIImage+ImageWithUIView.m in Sources */,
				BF217B9016A94C94004867FE /* InitialSlidingViewController.m in Sources */,
				BF217B9316A94EBE004867FE /* MenuViewController.m in Sources */,
				BF217B9616A94F3E004867FE /* CustomBoardNavigationController.m in Sources */,
				BF217B9916A95294004867FE /* CustomBoardTableViewController.m in Sources */,
				BF217BA216A969BA004867FE /* BoardEntity.m in Sources */,
				BFBB5AEE16A99C7900CBF9A1 /* HotTopicNavigationController.m in Sources */,
				BFBB5AF216A99CC300CBF9A1 /* HotTopicTableViewController.m in Sources */,
				BFBB5AF516A99F6300CBF9A1 /* HotTopicEntity.m in Sources */,
			);
			runOnlyForDeploymentPostprocessing = 0;
		};
/* End PBXSourcesBuildPhase section */

/* Begin PBXVariantGroup section */
		BF76335A16A830F200FFA131 /* InfoPlist.strings */ = {
			isa = PBXVariantGroup;
			children = (
				BF76335B16A830F200FFA131 /* en */,
			);
			name = InfoPlist.strings;
			sourceTree = "<group>";
		};
		BF76336916A830F200FFA131 /* MainStoryboard.storyboard */ = {
			isa = PBXVariantGroup;
			children = (
				BF76336A16A830F200FFA131 /* en */,
			);
			name = MainStoryboard.storyboard;
			sourceTree = "<group>";
		};
/* End PBXVariantGroup section */

/* Begin XCBuildConfiguration section */
		BF76337516A830F200FFA131 /* Debug */ = {
			isa = XCBuildConfiguration;
			buildSettings = {
				ALWAYS_SEARCH_USER_PATHS = NO;
				CLANG_CXX_LANGUAGE_STANDARD = "gnu++0x";
				CLANG_CXX_LIBRARY = "libc++";
				CLANG_ENABLE_OBJC_ARC = YES;
				CLANG_WARN_EMPTY_BODY = YES;
				CLANG_WARN__DUPLICATE_METHOD_MATCH = YES;
				"CODE_SIGN_IDENTITY[sdk=iphoneos*]" = "iPhone Developer";
				COPY_PHASE_STRIP = NO;
				GCC_C_LANGUAGE_STANDARD = gnu99;
				GCC_DYNAMIC_NO_PIC = NO;
				GCC_OPTIMIZATION_LEVEL = 0;
				GCC_PREPROCESSOR_DEFINITIONS = (
					"DEBUG=1",
					"$(inherited)",
				);
				GCC_SYMBOLS_PRIVATE_EXTERN = NO;
				GCC_WARN_ABOUT_RETURN_TYPE = YES;
				GCC_WARN_UNINITIALIZED_AUTOS = YES;
				GCC_WARN_UNUSED_VARIABLE = YES;
				IPHONEOS_DEPLOYMENT_TARGET = 6.0;
				ONLY_ACTIVE_ARCH = YES;
				SDKROOT = iphoneos;
			};
			name = Debug;
		};
		BF76337616A830F200FFA131 /* Release */ = {
			isa = XCBuildConfiguration;
			buildSettings = {
				ALWAYS_SEARCH_USER_PATHS = NO;
				CLANG_CXX_LANGUAGE_STANDARD = "gnu++0x";
				CLANG_CXX_LIBRARY = "libc++";
				CLANG_ENABLE_OBJC_ARC = YES;
				CLANG_WARN_EMPTY_BODY = YES;
				CLANG_WARN__DUPLICATE_METHOD_MATCH = YES;
				"CODE_SIGN_IDENTITY[sdk=iphoneos*]" = "iPhone Developer";
				COPY_PHASE_STRIP = YES;
				GCC_C_LANGUAGE_STANDARD = gnu99;
				GCC_WARN_ABOUT_RETURN_TYPE = YES;
				GCC_WARN_UNINITIALIZED_AUTOS = YES;
				GCC_WARN_UNUSED_VARIABLE = YES;
				IPHONEOS_DEPLOYMENT_TARGET = 6.0;
				OTHER_CFLAGS = "-DNS_BLOCK_ASSERTIONS=1";
				SDKROOT = iphoneos;
				VALIDATE_PRODUCT = YES;
			};
			name = Release;
		};
		BF76337816A830F200FFA131 /* Debug */ = {
			isa = XCBuildConfiguration;
			buildSettings = {
				"CODE_SIGN_IDENTITY[sdk=iphoneos*]" = "";
				GCC_PRECOMPILE_PREFIX_HEADER = YES;
				GCC_PREFIX_HEADER = "MyCC98/MyCC98-Prefix.pch";
				INFOPLIST_FILE = "MyCC98/MyCC98-Info.plist";
				IPHONEOS_DEPLOYMENT_TARGET = 5.1;
				PRODUCT_NAME = "$(TARGET_NAME)";
				WRAPPER_EXTENSION = app;
			};
			name = Debug;
		};
		BF76337916A830F200FFA131 /* Release */ = {
			isa = XCBuildConfiguration;
			buildSettings = {
				"CODE_SIGN_IDENTITY[sdk=iphoneos*]" = "";
				GCC_PRECOMPILE_PREFIX_HEADER = YES;
				GCC_PREFIX_HEADER = "MyCC98/MyCC98-Prefix.pch";
				INFOPLIST_FILE = "MyCC98/MyCC98-Info.plist";
				IPHONEOS_DEPLOYMENT_TARGET = 5.1;
				PRODUCT_NAME = "$(TARGET_NAME)";
				WRAPPER_EXTENSION = app;
			};
			name = Release;
		};
/* End XCBuildConfiguration section */

/* Begin XCConfigurationList section */
		BF76334516A830F200FFA131 /* Build configuration list for PBXProject "MyCC98" */ = {
			isa = XCConfigurationList;
			buildConfigurations = (
				BF76337516A830F200FFA131 /* Debug */,
				BF76337616A830F200FFA131 /* Release */,
			);
			defaultConfigurationIsVisible = 0;
			defaultConfigurationName = Release;
		};
		BF76337716A830F200FFA131 /* Build configuration list for PBXNativeTarget "MyCC98" */ = {
			isa = XCConfigurationList;
			buildConfigurations = (
				BF76337816A830F200FFA131 /* Debug */,
				BF76337916A830F200FFA131 /* Release */,
			);
			defaultConfigurationIsVisible = 0;
			defaultConfigurationName = Release;
		};
/* End XCConfigurationList section */

/* Begin XCVersionGroup section */
		BF76336C16A830F200FFA131 /* MyCC98.xcdatamodeld */ = {
			isa = XCVersionGroup;
			children = (
				BF76336D16A830F200FFA131 /* MyCC98.xcdatamodel */,
			);
			currentVersion = BF76336D16A830F200FFA131 /* MyCC98.xcdatamodel */;
			path = MyCC98.xcdatamodeld;
			sourceTree = "<group>";
			versionGroupType = wrapper.xcdatamodel;
		};
/* End XCVersionGroup section */
	};
	rootObject = BF76334216A830F200FFA131 /* Project object */;
}
