// !$*UTF8*$!
{
	archiveVersion = 1;
	classes = {
	};
	objectVersion = 46;
	objects = {

/* Begin PBXBuildFile section */
		BF564A481644E2450027EB04 /* UIKit.framework in Frameworks */ = {isa = PBXBuildFile; fileRef = BF564A471644E2450027EB04 /* UIKit.framework */; };
		BF564A4A1644E2450027EB04 /* Foundation.framework in Frameworks */ = {isa = PBXBuildFile; fileRef = BF564A491644E2450027EB04 /* Foundation.framework */; };
		BF564A4C1644E2450027EB04 /* CoreGraphics.framework in Frameworks */ = {isa = PBXBuildFile; fileRef = BF564A4B1644E2450027EB04 /* CoreGraphics.framework */; };
		BF564A521644E2450027EB04 /* InfoPlist.strings in Resources */ = {isa = PBXBuildFile; fileRef = BF564A501644E2450027EB04 /* InfoPlist.strings */; };
		BF564A541644E2450027EB04 /* main.m in Sources */ = {isa = PBXBuildFile; fileRef = BF564A531644E2450027EB04 /* main.m */; };
		BF564A581644E2450027EB04 /* AppDelegate.m in Sources */ = {isa = PBXBuildFile; fileRef = BF564A571644E2450027EB04 /* AppDelegate.m */; };
		BF564A5B1644E2450027EB04 /* MainStoryboard.storyboard in Resources */ = {isa = PBXBuildFile; fileRef = BF564A591644E2450027EB04 /* MainStoryboard.storyboard */; };
		BF564A681644E2A60027EB04 /* ECSlidingViewController.m in Sources */ = {isa = PBXBuildFile; fileRef = BF564A651644E2A60027EB04 /* ECSlidingViewController.m */; };
		BF564A691644E2A60027EB04 /* UIImage+ImageWithUIView.m in Sources */ = {isa = PBXBuildFile; fileRef = BF564A671644E2A60027EB04 /* UIImage+ImageWithUIView.m */; };
		BF564A721644E38A0027EB04 /* InitialSlidingViewController.m in Sources */ = {isa = PBXBuildFile; fileRef = BF564A711644E38A0027EB04 /* InitialSlidingViewController.m */; };
		BF564A751644EA8C0027EB04 /* MenuViewController.m in Sources */ = {isa = PBXBuildFile; fileRef = BF564A741644EA8C0027EB04 /* MenuViewController.m */; };
		BF564A781644EB440027EB04 /* CustomBoardNavigationController.m in Sources */ = {isa = PBXBuildFile; fileRef = BF564A771644EB440027EB04 /* CustomBoardNavigationController.m */; };
		BF564A7A1644EEBD0027EB04 /* QuartzCore.framework in Frameworks */ = {isa = PBXBuildFile; fileRef = BF564A791644EEBD0027EB04 /* QuartzCore.framework */; };
		BF564A811644F23A0027EB04 /* HotTopicTableViewController.m in Sources */ = {isa = PBXBuildFile; fileRef = BF564A801644F23A0027EB04 /* HotTopicTableViewController.m */; };
		BF564A851644F24C0027EB04 /* BoardListTableViewController.m in Sources */ = {isa = PBXBuildFile; fileRef = BF564A841644F24C0027EB04 /* BoardListTableViewController.m */; };
		BF564A901644F68D0027EB04 /* CustomBoardTableViewController.m in Sources */ = {isa = PBXBuildFile; fileRef = BF564A8F1644F68D0027EB04 /* CustomBoardTableViewController.m */; };
		BF564A97164522070027EB04 /* HotTopicNavigationController.m in Sources */ = {isa = PBXBuildFile; fileRef = BF564A96164522070027EB04 /* HotTopicNavigationController.m */; };
		BF564A9F1645238F0027EB04 /* BoardListNavigationController.m in Sources */ = {isa = PBXBuildFile; fileRef = BF564A9E1645238F0027EB04 /* BoardListNavigationController.m */; };
		BF8E77A2165C9FF600881C9D /* AFHTTPClient.m in Sources */ = {isa = PBXBuildFile; fileRef = BF8E7790165C9FF600881C9D /* AFHTTPClient.m */; };
		BF8E77A3165C9FF600881C9D /* AFHTTPRequestOperation.m in Sources */ = {isa = PBXBuildFile; fileRef = BF8E7792165C9FF600881C9D /* AFHTTPRequestOperation.m */; };
		BF8E77A4165C9FF600881C9D /* AFImageRequestOperation.m in Sources */ = {isa = PBXBuildFile; fileRef = BF8E7794165C9FF600881C9D /* AFImageRequestOperation.m */; };
		BF8E77A5165C9FF600881C9D /* AFJSONRequestOperation.m in Sources */ = {isa = PBXBuildFile; fileRef = BF8E7796165C9FF600881C9D /* AFJSONRequestOperation.m */; };
		BF8E77A6165C9FF600881C9D /* AFNetworkActivityIndicatorManager.m in Sources */ = {isa = PBXBuildFile; fileRef = BF8E7798165C9FF600881C9D /* AFNetworkActivityIndicatorManager.m */; };
		BF8E77A7165C9FF600881C9D /* AFPropertyListRequestOperation.m in Sources */ = {isa = PBXBuildFile; fileRef = BF8E779B165C9FF600881C9D /* AFPropertyListRequestOperation.m */; };
		BF8E77A8165C9FF600881C9D /* AFURLConnectionOperation.m in Sources */ = {isa = PBXBuildFile; fileRef = BF8E779D165C9FF600881C9D /* AFURLConnectionOperation.m */; };
		BF8E77A9165C9FF600881C9D /* AFXMLRequestOperation.m in Sources */ = {isa = PBXBuildFile; fileRef = BF8E779F165C9FF600881C9D /* AFXMLRequestOperation.m */; };
		BF8E77AA165C9FF600881C9D /* UIImageView+AFNetworking.m in Sources */ = {isa = PBXBuildFile; fileRef = BF8E77A1165C9FF600881C9D /* UIImageView+AFNetworking.m */; };
		BF8E77B0165CA09800881C9D /* MobileCoreServices.framework in Frameworks */ = {isa = PBXBuildFile; fileRef = BF8E77AF165CA09800881C9D /* MobileCoreServices.framework */; settings = {ATTRIBUTES = (Required, ); }; };
		BF8E77B2165CA0A100881C9D /* SystemConfiguration.framework in Frameworks */ = {isa = PBXBuildFile; fileRef = BF8E77B1165CA0A000881C9D /* SystemConfiguration.framework */; };
		BF8E77B4165CA0A800881C9D /* Security.framework in Frameworks */ = {isa = PBXBuildFile; fileRef = BF8E77B3165CA0A800881C9D /* Security.framework */; };
		BF8E77BD165CAA4400881C9D /* CC98API.m in Sources */ = {isa = PBXBuildFile; fileRef = BF8E77BC165CAA4400881C9D /* CC98API.m */; };
		BF8E77D4165CC2FA00881C9D /* CC98PathManager.m in Sources */ = {isa = PBXBuildFile; fileRef = BF8E77D3165CC2FA00881C9D /* CC98PathManager.m */; };
/* End PBXBuildFile section */

/* Begin PBXFileReference section */
		BF564A431644E2450027EB04 /* MyCC98.app */ = {isa = PBXFileReference; explicitFileType = wrapper.application; includeInIndex = 0; path = MyCC98.app; sourceTree = BUILT_PRODUCTS_DIR; };
		BF564A471644E2450027EB04 /* UIKit.framework */ = {isa = PBXFileReference; lastKnownFileType = wrapper.framework; name = UIKit.framework; path = System/Library/Frameworks/UIKit.framework; sourceTree = SDKROOT; };
		BF564A491644E2450027EB04 /* Foundation.framework */ = {isa = PBXFileReference; lastKnownFileType = wrapper.framework; name = Foundation.framework; path = System/Library/Frameworks/Foundation.framework; sourceTree = SDKROOT; };
		BF564A4B1644E2450027EB04 /* CoreGraphics.framework */ = {isa = PBXFileReference; lastKnownFileType = wrapper.framework; name = CoreGraphics.framework; path = System/Library/Frameworks/CoreGraphics.framework; sourceTree = SDKROOT; };
		BF564A4F1644E2450027EB04 /* MyCC98-Info.plist */ = {isa = PBXFileReference; lastKnownFileType = text.plist.xml; path = "MyCC98-Info.plist"; sourceTree = "<group>"; };
		BF564A531644E2450027EB04 /* main.m */ = {isa = PBXFileReference; lastKnownFileType = sourcecode.c.objc; path = main.m; sourceTree = "<group>"; };
		BF564A551644E2450027EB04 /* MyCC98-Prefix.pch */ = {isa = PBXFileReference; lastKnownFileType = sourcecode.c.h; path = "MyCC98-Prefix.pch"; sourceTree = "<group>"; };
		BF564A561644E2450027EB04 /* AppDelegate.h */ = {isa = PBXFileReference; lastKnownFileType = sourcecode.c.h; path = AppDelegate.h; sourceTree = "<group>"; };
		BF564A571644E2450027EB04 /* AppDelegate.m */ = {isa = PBXFileReference; lastKnownFileType = sourcecode.c.objc; path = AppDelegate.m; sourceTree = "<group>"; };
		BF564A641644E2A60027EB04 /* ECSlidingViewController.h */ = {isa = PBXFileReference; fileEncoding = 4; lastKnownFileType = sourcecode.c.h; name = ECSlidingViewController.h; path = Vendor/ECSlidingViewController/ECSlidingViewController.h; sourceTree = "<group>"; };
		BF564A651644E2A60027EB04 /* ECSlidingViewController.m */ = {isa = PBXFileReference; fileEncoding = 4; lastKnownFileType = sourcecode.c.objc; name = ECSlidingViewController.m; path = Vendor/ECSlidingViewController/ECSlidingViewController.m; sourceTree = "<group>"; };
		BF564A661644E2A60027EB04 /* UIImage+ImageWithUIView.h */ = {isa = PBXFileReference; fileEncoding = 4; lastKnownFileType = sourcecode.c.h; name = "UIImage+ImageWithUIView.h"; path = "Vendor/ECSlidingViewController/UIImage+ImageWithUIView.h"; sourceTree = "<group>"; };
		BF564A671644E2A60027EB04 /* UIImage+ImageWithUIView.m */ = {isa = PBXFileReference; fileEncoding = 4; lastKnownFileType = sourcecode.c.objc; name = "UIImage+ImageWithUIView.m"; path = "Vendor/ECSlidingViewController/UIImage+ImageWithUIView.m"; sourceTree = "<group>"; };
		BF564A701644E38A0027EB04 /* InitialSlidingViewController.h */ = {isa = PBXFileReference; fileEncoding = 4; lastKnownFileType = sourcecode.c.h; path = InitialSlidingViewController.h; sourceTree = "<group>"; };
		BF564A711644E38A0027EB04 /* InitialSlidingViewController.m */ = {isa = PBXFileReference; fileEncoding = 4; lastKnownFileType = sourcecode.c.objc; path = InitialSlidingViewController.m; sourceTree = "<group>"; };
		BF564A731644EA8C0027EB04 /* MenuViewController.h */ = {isa = PBXFileReference; fileEncoding = 4; lastKnownFileType = sourcecode.c.h; path = MenuViewController.h; sourceTree = "<group>"; };
		BF564A741644EA8C0027EB04 /* MenuViewController.m */ = {isa = PBXFileReference; fileEncoding = 4; lastKnownFileType = sourcecode.c.objc; path = MenuViewController.m; sourceTree = "<group>"; };
		BF564A761644EB440027EB04 /* CustomBoardNavigationController.h */ = {isa = PBXFileReference; fileEncoding = 4; lastKnownFileType = sourcecode.c.h; path = CustomBoardNavigationController.h; sourceTree = "<group>"; };
		BF564A771644EB440027EB04 /* CustomBoardNavigationController.m */ = {isa = PBXFileReference; fileEncoding = 4; lastKnownFileType = sourcecode.c.objc; path = CustomBoardNavigationController.m; sourceTree = "<group>"; };
		BF564A791644EEBD0027EB04 /* QuartzCore.framework */ = {isa = PBXFileReference; lastKnownFileType = wrapper.framework; name = QuartzCore.framework; path = System/Library/Frameworks/QuartzCore.framework; sourceTree = SDKROOT; };
		BF564A7F1644F23A0027EB04 /* HotTopicTableViewController.h */ = {isa = PBXFileReference; fileEncoding = 4; lastKnownFileType = sourcecode.c.h; path = HotTopicTableViewController.h; sourceTree = "<group>"; };
		BF564A801644F23A0027EB04 /* HotTopicTableViewController.m */ = {isa = PBXFileReference; fileEncoding = 4; lastKnownFileType = sourcecode.c.objc; path = HotTopicTableViewController.m; sourceTree = "<group>"; };
		BF564A831644F24C0027EB04 /* BoardListTableViewController.h */ = {isa = PBXFileReference; fileEncoding = 4; lastKnownFileType = sourcecode.c.h; path = BoardListTableViewController.h; sourceTree = "<group>"; };
		BF564A841644F24C0027EB04 /* BoardListTableViewController.m */ = {isa = PBXFileReference; fileEncoding = 4; lastKnownFileType = sourcecode.c.objc; path = BoardListTableViewController.m; sourceTree = "<group>"; };
		BF564A8E1644F68D0027EB04 /* CustomBoardTableViewController.h */ = {isa = PBXFileReference; fileEncoding = 4; lastKnownFileType = sourcecode.c.h; path = CustomBoardTableViewController.h; sourceTree = "<group>"; };
		BF564A8F1644F68D0027EB04 /* CustomBoardTableViewController.m */ = {isa = PBXFileReference; fileEncoding = 4; lastKnownFileType = sourcecode.c.objc; path = CustomBoardTableViewController.m; sourceTree = "<group>"; };
		BF564A95164522070027EB04 /* HotTopicNavigationController.h */ = {isa = PBXFileReference; fileEncoding = 4; lastKnownFileType = sourcecode.c.h; path = HotTopicNavigationController.h; sourceTree = "<group>"; };
		BF564A96164522070027EB04 /* HotTopicNavigationController.m */ = {isa = PBXFileReference; fileEncoding = 4; lastKnownFileType = sourcecode.c.objc; path = HotTopicNavigationController.m; sourceTree = "<group>"; };
		BF564A9D1645238F0027EB04 /* BoardListNavigationController.h */ = {isa = PBXFileReference; fileEncoding = 4; lastKnownFileType = sourcecode.c.h; path = BoardListNavigationController.h; sourceTree = "<group>"; };
		BF564A9E1645238F0027EB04 /* BoardListNavigationController.m */ = {isa = PBXFileReference; fileEncoding = 4; lastKnownFileType = sourcecode.c.objc; path = BoardListNavigationController.m; sourceTree = "<group>"; };
		BF564AA3164526890027EB04 /* en */ = {isa = PBXFileReference; lastKnownFileType = file.storyboard; name = en; path = en.lproj/MainStoryboard.storyboard; sourceTree = "<group>"; };
		BF564AA4164526890027EB04 /* en */ = {isa = PBXFileReference; lastKnownFileType = text.plist.strings; name = en; path = en.lproj/InfoPlist.strings; sourceTree = "<group>"; };
		BF8E778F165C9FF600881C9D /* AFHTTPClient.h */ = {isa = PBXFileReference; fileEncoding = 4; lastKnownFileType = sourcecode.c.h; name = AFHTTPClient.h; path = Vendor/AFNetworking/AFHTTPClient.h; sourceTree = "<group>"; };
		BF8E7790165C9FF600881C9D /* AFHTTPClient.m */ = {isa = PBXFileReference; fileEncoding = 4; lastKnownFileType = sourcecode.c.objc; name = AFHTTPClient.m; path = Vendor/AFNetworking/AFHTTPClient.m; sourceTree = "<group>"; };
		BF8E7791165C9FF600881C9D /* AFHTTPRequestOperation.h */ = {isa = PBXFileReference; fileEncoding = 4; lastKnownFileType = sourcecode.c.h; name = AFHTTPRequestOperation.h; path = Vendor/AFNetworking/AFHTTPRequestOperation.h; sourceTree = "<group>"; };
		BF8E7792165C9FF600881C9D /* AFHTTPRequestOperation.m */ = {isa = PBXFileReference; fileEncoding = 4; lastKnownFileType = sourcecode.c.objc; name = AFHTTPRequestOperation.m; path = Vendor/AFNetworking/AFHTTPRequestOperation.m; sourceTree = "<group>"; };
		BF8E7793165C9FF600881C9D /* AFImageRequestOperation.h */ = {isa = PBXFileReference; fileEncoding = 4; lastKnownFileType = sourcecode.c.h; name = AFImageRequestOperation.h; path = Vendor/AFNetworking/AFImageRequestOperation.h; sourceTree = "<group>"; };
		BF8E7794165C9FF600881C9D /* AFImageRequestOperation.m */ = {isa = PBXFileReference; fileEncoding = 4; lastKnownFileType = sourcecode.c.objc; name = AFImageRequestOperation.m; path = Vendor/AFNetworking/AFImageRequestOperation.m; sourceTree = "<group>"; };
		BF8E7795165C9FF600881C9D /* AFJSONRequestOperation.h */ = {isa = PBXFileReference; fileEncoding = 4; lastKnownFileType = sourcecode.c.h; name = AFJSONRequestOperation.h; path = Vendor/AFNetworking/AFJSONRequestOperation.h; sourceTree = "<group>"; };
		BF8E7796165C9FF600881C9D /* AFJSONRequestOperation.m */ = {isa = PBXFileReference; fileEncoding = 4; lastKnownFileType = sourcecode.c.objc; name = AFJSONRequestOperation.m; path = Vendor/AFNetworking/AFJSONRequestOperation.m; sourceTree = "<group>"; };
		BF8E7797165C9FF600881C9D /* AFNetworkActivityIndicatorManager.h */ = {isa = PBXFileReference; fileEncoding = 4; lastKnownFileType = sourcecode.c.h; name = AFNetworkActivityIndicatorManager.h; path = Vendor/AFNetworking/AFNetworkActivityIndicatorManager.h; sourceTree = "<group>"; };
		BF8E7798165C9FF600881C9D /* AFNetworkActivityIndicatorManager.m */ = {isa = PBXFileReference; fileEncoding = 4; lastKnownFileType = sourcecode.c.objc; name = AFNetworkActivityIndicatorManager.m; path = Vendor/AFNetworking/AFNetworkActivityIndicatorManager.m; sourceTree = "<group>"; };
		BF8E7799165C9FF600881C9D /* AFNetworking.h */ = {isa = PBXFileReference; fileEncoding = 4; lastKnownFileType = sourcecode.c.h; name = AFNetworking.h; path = Vendor/AFNetworking/AFNetworking.h; sourceTree = "<group>"; };
		BF8E779A165C9FF600881C9D /* AFPropertyListRequestOperation.h */ = {isa = PBXFileReference; fileEncoding = 4; lastKnownFileType = sourcecode.c.h; name = AFPropertyListRequestOperation.h; path = Vendor/AFNetworking/AFPropertyListRequestOperation.h; sourceTree = "<group>"; };
		BF8E779B165C9FF600881C9D /* AFPropertyListRequestOperation.m */ = {isa = PBXFileReference; fileEncoding = 4; lastKnownFileType = sourcecode.c.objc; name = AFPropertyListRequestOperation.m; path = Vendor/AFNetworking/AFPropertyListRequestOperation.m; sourceTree = "<group>"; };
		BF8E779C165C9FF600881C9D /* AFURLConnectionOperation.h */ = {isa = PBXFileReference; fileEncoding = 4; lastKnownFileType = sourcecode.c.h; name = AFURLConnectionOperation.h; path = Vendor/AFNetworking/AFURLConnectionOperation.h; sourceTree = "<group>"; };
		BF8E779D165C9FF600881C9D /* AFURLConnectionOperation.m */ = {isa = PBXFileReference; fileEncoding = 4; lastKnownFileType = sourcecode.c.objc; name = AFURLConnectionOperation.m; path = Vendor/AFNetworking/AFURLConnectionOperation.m; sourceTree = "<group>"; };
		BF8E779E165C9FF600881C9D /* AFXMLRequestOperation.h */ = {isa = PBXFileReference; fileEncoding = 4; lastKnownFileType = sourcecode.c.h; name = AFXMLRequestOperation.h; path = Vendor/AFNetworking/AFXMLRequestOperation.h; sourceTree = "<group>"; };
		BF8E779F165C9FF600881C9D /* AFXMLRequestOperation.m */ = {isa = PBXFileReference; fileEncoding = 4; lastKnownFileType = sourcecode.c.objc; name = AFXMLRequestOperation.m; path = Vendor/AFNetworking/AFXMLRequestOperation.m; sourceTree = "<group>"; };
		BF8E77A0165C9FF600881C9D /* UIImageView+AFNetworking.h */ = {isa = PBXFileReference; fileEncoding = 4; lastKnownFileType = sourcecode.c.h; name = "UIImageView+AFNetworking.h"; path = "Vendor/AFNetworking/UIImageView+AFNetworking.h"; sourceTree = "<group>"; };
		BF8E77A1165C9FF600881C9D /* UIImageView+AFNetworking.m */ = {isa = PBXFileReference; fileEncoding = 4; lastKnownFileType = sourcecode.c.objc; name = "UIImageView+AFNetworking.m"; path = "Vendor/AFNetworking/UIImageView+AFNetworking.m"; sourceTree = "<group>"; };
		BF8E77AF165CA09800881C9D /* MobileCoreServices.framework */ = {isa = PBXFileReference; lastKnownFileType = wrapper.framework; name = MobileCoreServices.framework; path = System/Library/Frameworks/MobileCoreServices.framework; sourceTree = SDKROOT; };
		BF8E77B1165CA0A000881C9D /* SystemConfiguration.framework */ = {isa = PBXFileReference; lastKnownFileType = wrapper.framework; name = SystemConfiguration.framework; path = System/Library/Frameworks/SystemConfiguration.framework; sourceTree = SDKROOT; };
		BF8E77B3165CA0A800881C9D /* Security.framework */ = {isa = PBXFileReference; lastKnownFileType = wrapper.framework; name = Security.framework; path = System/Library/Frameworks/Security.framework; sourceTree = SDKROOT; };
		BF8E77BB165CAA4400881C9D /* CC98API.h */ = {isa = PBXFileReference; fileEncoding = 4; lastKnownFileType = sourcecode.c.h; path = CC98API.h; sourceTree = "<group>"; };
		BF8E77BC165CAA4400881C9D /* CC98API.m */ = {isa = PBXFileReference; fileEncoding = 4; lastKnownFileType = sourcecode.c.objc; path = CC98API.m; sourceTree = "<group>"; };
		BF8E77D2165CC2F900881C9D /* CC98PathManager.h */ = {isa = PBXFileReference; fileEncoding = 4; lastKnownFileType = sourcecode.c.h; path = CC98PathManager.h; sourceTree = "<group>"; };
		BF8E77D3165CC2FA00881C9D /* CC98PathManager.m */ = {isa = PBXFileReference; fileEncoding = 4; lastKnownFileType = sourcecode.c.objc; path = CC98PathManager.m; sourceTree = "<group>"; };
/* End PBXFileReference section */

/* Begin PBXFrameworksBuildPhase section */
		BF564A401644E2450027EB04 /* Frameworks */ = {
			isa = PBXFrameworksBuildPhase;
			buildActionMask = 2147483647;
			files = (
				BF8E77B4165CA0A800881C9D /* Security.framework in Frameworks */,
				BF8E77B2165CA0A100881C9D /* SystemConfiguration.framework in Frameworks */,
				BF8E77B0165CA09800881C9D /* MobileCoreServices.framework in Frameworks */,
				BF564A7A1644EEBD0027EB04 /* QuartzCore.framework in Frameworks */,
				BF564A481644E2450027EB04 /* UIKit.framework in Frameworks */,
				BF564A4A1644E2450027EB04 /* Foundation.framework in Frameworks */,
				BF564A4C1644E2450027EB04 /* CoreGraphics.framework in Frameworks */,
			);
			runOnlyForDeploymentPostprocessing = 0;
		};
/* End PBXFrameworksBuildPhase section */

/* Begin PBXGroup section */
		BF564A381644E2450027EB04 = {
			isa = PBXGroup;
			children = (
				BF564A4D1644E2450027EB04 /* MyCC98 */,
				BF564A461644E2450027EB04 /* Frameworks */,
				BF564A441644E2450027EB04 /* Products */,
			);
			sourceTree = "<group>";
		};
		BF564A441644E2450027EB04 /* Products */ = {
			isa = PBXGroup;
			children = (
				BF564A431644E2450027EB04 /* MyCC98.app */,
			);
			name = Products;
			sourceTree = "<group>";
		};
		BF564A461644E2450027EB04 /* Frameworks */ = {
			isa = PBXGroup;
			children = (
				BF8E77B3165CA0A800881C9D /* Security.framework */,
				BF8E77B1165CA0A000881C9D /* SystemConfiguration.framework */,
				BF8E77AF165CA09800881C9D /* MobileCoreServices.framework */,
				BF564A791644EEBD0027EB04 /* QuartzCore.framework */,
				BF564A471644E2450027EB04 /* UIKit.framework */,
				BF564A491644E2450027EB04 /* Foundation.framework */,
				BF564A4B1644E2450027EB04 /* CoreGraphics.framework */,
			);
			name = Frameworks;
			sourceTree = "<group>";
		};
		BF564A4D1644E2450027EB04 /* MyCC98 */ = {
			isa = PBXGroup;
			children = (
				BF8E77BA165CA9A100881C9D /* CC98API */,
				BF564A6C1644E2E10027EB04 /* Controllers */,
				BF564A6A1644E2B60027EB04 /* Vendor */,
				BF564A561644E2450027EB04 /* AppDelegate.h */,
				BF564A571644E2450027EB04 /* AppDelegate.m */,
				BF564A591644E2450027EB04 /* MainStoryboard.storyboard */,
				BF564A4E1644E2450027EB04 /* Supporting Files */,
			);
			path = MyCC98;
			sourceTree = "<group>";
		};
		BF564A4E1644E2450027EB04 /* Supporting Files */ = {
			isa = PBXGroup;
			children = (
				BF564A4F1644E2450027EB04 /* MyCC98-Info.plist */,
				BF564A501644E2450027EB04 /* InfoPlist.strings */,
				BF564A531644E2450027EB04 /* main.m */,
				BF564A551644E2450027EB04 /* MyCC98-Prefix.pch */,
			);
			name = "Supporting Files";
			sourceTree = "<group>";
		};
		BF564A6A1644E2B60027EB04 /* Vendor */ = {
			isa = PBXGroup;
			children = (
				BF8E778D165C9FD500881C9D /* AFNetworking */,
				BF564A6B1644E2BE0027EB04 /* ECSlidingViewController */,
			);
			name = Vendor;
			sourceTree = "<group>";
		};
		BF564A6B1644E2BE0027EB04 /* ECSlidingViewController */ = {
			isa = PBXGroup;
			children = (
				BF564A641644E2A60027EB04 /* ECSlidingViewController.h */,
				BF564A651644E2A60027EB04 /* ECSlidingViewController.m */,
				BF564A661644E2A60027EB04 /* UIImage+ImageWithUIView.h */,
				BF564A671644E2A60027EB04 /* UIImage+ImageWithUIView.m */,
			);
			name = ECSlidingViewController;
			sourceTree = "<group>";
		};
		BF564A6C1644E2E10027EB04 /* Controllers */ = {
			isa = PBXGroup;
			children = (
				BF564A701644E38A0027EB04 /* InitialSlidingViewController.h */,
				BF564A711644E38A0027EB04 /* InitialSlidingViewController.m */,
				BF564A731644EA8C0027EB04 /* MenuViewController.h */,
				BF564A741644EA8C0027EB04 /* MenuViewController.m */,
				BF564A761644EB440027EB04 /* CustomBoardNavigationController.h */,
				BF564A771644EB440027EB04 /* CustomBoardNavigationController.m */,
				BF564A7F1644F23A0027EB04 /* HotTopicTableViewController.h */,
				BF564A801644F23A0027EB04 /* HotTopicTableViewController.m */,
				BF564A831644F24C0027EB04 /* BoardListTableViewController.h */,
				BF564A841644F24C0027EB04 /* BoardListTableViewController.m */,
				BF564A8E1644F68D0027EB04 /* CustomBoardTableViewController.h */,
				BF564A8F1644F68D0027EB04 /* CustomBoardTableViewController.m */,
				BF564A95164522070027EB04 /* HotTopicNavigationController.h */,
				BF564A96164522070027EB04 /* HotTopicNavigationController.m */,
				BF564A9D1645238F0027EB04 /* BoardListNavigationController.h */,
				BF564A9E1645238F0027EB04 /* BoardListNavigationController.m */,
			);
			name = Controllers;
			sourceTree = "<group>";
		};
		BF8E778D165C9FD500881C9D /* AFNetworking */ = {
			isa = PBXGroup;
			children = (
				BF8E778F165C9FF600881C9D /* AFHTTPClient.h */,
				BF8E7790165C9FF600881C9D /* AFHTTPClient.m */,
				BF8E7791165C9FF600881C9D /* AFHTTPRequestOperation.h */,
				BF8E7792165C9FF600881C9D /* AFHTTPRequestOperation.m */,
				BF8E7793165C9FF600881C9D /* AFImageRequestOperation.h */,
				BF8E7794165C9FF600881C9D /* AFImageRequestOperation.m */,
				BF8E7795165C9FF600881C9D /* AFJSONRequestOperation.h */,
				BF8E7796165C9FF600881C9D /* AFJSONRequestOperation.m */,
				BF8E7797165C9FF600881C9D /* AFNetworkActivityIndicatorManager.h */,
				BF8E7798165C9FF600881C9D /* AFNetworkActivityIndicatorManager.m */,
				BF8E7799165C9FF600881C9D /* AFNetworking.h */,
				BF8E779A165C9FF600881C9D /* AFPropertyListRequestOperation.h */,
				BF8E779B165C9FF600881C9D /* AFPropertyListRequestOperation.m */,
				BF8E779C165C9FF600881C9D /* AFURLConnectionOperation.h */,
				BF8E779D165C9FF600881C9D /* AFURLConnectionOperation.m */,
				BF8E779E165C9FF600881C9D /* AFXMLRequestOperation.h */,
				BF8E779F165C9FF600881C9D /* AFXMLRequestOperation.m */,
				BF8E77A0165C9FF600881C9D /* UIImageView+AFNetworking.h */,
				BF8E77A1165C9FF600881C9D /* UIImageView+AFNetworking.m */,
			);
			name = AFNetworking;
			sourceTree = "<group>";
		};
		BF8E77BA165CA9A100881C9D /* CC98API */ = {
			isa = PBXGroup;
			children = (
				BF8E77BB165CAA4400881C9D /* CC98API.h */,
				BF8E77BC165CAA4400881C9D /* CC98API.m */,
				BF8E77D2165CC2F900881C9D /* CC98PathManager.h */,
				BF8E77D3165CC2FA00881C9D /* CC98PathManager.m */,
			);
			name = CC98API;
			sourceTree = "<group>";
		};
/* End PBXGroup section */

/* Begin PBXNativeTarget section */
		BF564A421644E2450027EB04 /* MyCC98 */ = {
			isa = PBXNativeTarget;
			buildConfigurationList = BF564A611644E2450027EB04 /* Build configuration list for PBXNativeTarget "MyCC98" */;
			buildPhases = (
				BF564A3F1644E2450027EB04 /* Sources */,
				BF564A401644E2450027EB04 /* Frameworks */,
				BF564A411644E2450027EB04 /* Resources */,
			);
			buildRules = (
			);
			dependencies = (
			);
			name = MyCC98;
			productName = MyCC98;
			productReference = BF564A431644E2450027EB04 /* MyCC98.app */;
			productType = "com.apple.product-type.application";
		};
/* End PBXNativeTarget section */

/* Begin PBXProject section */
		BF564A3A1644E2450027EB04 /* Project object */ = {
			isa = PBXProject;
			attributes = {
				LastUpgradeCheck = 0440;
				ORGANIZATIONNAME = VINCENT;
			};
			buildConfigurationList = BF564A3D1644E2450027EB04 /* Build configuration list for PBXProject "MyCC98" */;
			compatibilityVersion = "Xcode 3.2";
			developmentRegion = English;
			hasScannedForEncodings = 0;
			knownRegions = (
				en,
			);
			mainGroup = BF564A381644E2450027EB04;
			productRefGroup = BF564A441644E2450027EB04 /* Products */;
			projectDirPath = "";
			projectRoot = "";
			targets = (
				BF564A421644E2450027EB04 /* MyCC98 */,
			);
		};
/* End PBXProject section */

/* Begin PBXResourcesBuildPhase section */
		BF564A411644E2450027EB04 /* Resources */ = {
			isa = PBXResourcesBuildPhase;
			buildActionMask = 2147483647;
			files = (
				BF564A521644E2450027EB04 /* InfoPlist.strings in Resources */,
				BF564A5B1644E2450027EB04 /* MainStoryboard.storyboard in Resources */,
			);
			runOnlyForDeploymentPostprocessing = 0;
		};
/* End PBXResourcesBuildPhase section */

/* Begin PBXSourcesBuildPhase section */
		BF564A3F1644E2450027EB04 /* Sources */ = {
			isa = PBXSourcesBuildPhase;
			buildActionMask = 2147483647;
			files = (
				BF564A541644E2450027EB04 /* main.m in Sources */,
				BF564A581644E2450027EB04 /* AppDelegate.m in Sources */,
				BF564A681644E2A60027EB04 /* ECSlidingViewController.m in Sources */,
				BF564A691644E2A60027EB04 /* UIImage+ImageWithUIView.m in Sources */,
				BF564A721644E38A0027EB04 /* InitialSlidingViewController.m in Sources */,
				BF564A751644EA8C0027EB04 /* MenuViewController.m in Sources */,
				BF564A781644EB440027EB04 /* CustomBoardNavigationController.m in Sources */,
				BF564A811644F23A0027EB04 /* HotTopicTableViewController.m in Sources */,
				BF564A851644F24C0027EB04 /* BoardListTableViewController.m in Sources */,
				BF564A901644F68D0027EB04 /* CustomBoardTableViewController.m in Sources */,
				BF564A97164522070027EB04 /* HotTopicNavigationController.m in Sources */,
				BF564A9F1645238F0027EB04 /* BoardListNavigationController.m in Sources */,
				BF8E77A2165C9FF600881C9D /* AFHTTPClient.m in Sources */,
				BF8E77A3165C9FF600881C9D /* AFHTTPRequestOperation.m in Sources */,
				BF8E77A4165C9FF600881C9D /* AFImageRequestOperation.m in Sources */,
				BF8E77A5165C9FF600881C9D /* AFJSONRequestOperation.m in Sources */,
				BF8E77A6165C9FF600881C9D /* AFNetworkActivityIndicatorManager.m in Sources */,
				BF8E77A7165C9FF600881C9D /* AFPropertyListRequestOperation.m in Sources */,
				BF8E77A8165C9FF600881C9D /* AFURLConnectionOperation.m in Sources */,
				BF8E77A9165C9FF600881C9D /* AFXMLRequestOperation.m in Sources */,
				BF8E77AA165C9FF600881C9D /* UIImageView+AFNetworking.m in Sources */,
				BF8E77BD165CAA4400881C9D /* CC98API.m in Sources */,
				BF8E77D4165CC2FA00881C9D /* CC98PathManager.m in Sources */,
			);
			runOnlyForDeploymentPostprocessing = 0;
		};
/* End PBXSourcesBuildPhase section */

/* Begin PBXVariantGroup section */
		BF564A501644E2450027EB04 /* InfoPlist.strings */ = {
			isa = PBXVariantGroup;
			children = (
				BF564AA4164526890027EB04 /* en */,
			);
			name = InfoPlist.strings;
			sourceTree = "<group>";
		};
		BF564A591644E2450027EB04 /* MainStoryboard.storyboard */ = {
			isa = PBXVariantGroup;
			children = (
				BF564AA3164526890027EB04 /* en */,
			);
			name = MainStoryboard.storyboard;
			sourceTree = "<group>";
		};
/* End PBXVariantGroup section */

/* Begin XCBuildConfiguration section */
		BF564A5F1644E2450027EB04 /* Debug */ = {
			isa = XCBuildConfiguration;
			buildSettings = {
				ALWAYS_SEARCH_USER_PATHS = NO;
				ARCHS = "$(ARCHS_STANDARD_32_BIT)";
				CLANG_CXX_LANGUAGE_STANDARD = "gnu++0x";
				CLANG_ENABLE_OBJC_ARC = YES;
				CLANG_WARN__DUPLICATE_METHOD_MATCH = YES;
				"CODE_SIGN_IDENTITY[sdk=iphoneos*]" = "iPhone Developer";
				COPY_PHASE_STRIP = NO;
				GCC_C_LANGUAGE_STANDARD = gnu99;
				GCC_DYNAMIC_NO_PIC = NO;
				GCC_OPTIMIZATION_LEVEL = 0;
				GCC_PREPROCESSOR_DEFINITIONS = (
					"DEBUG=1",
					"$(inherited)",
				);
				GCC_SYMBOLS_PRIVATE_EXTERN = NO;
				GCC_VERSION = com.apple.compilers.llvm.clang.1_0;
				GCC_WARN_ABOUT_RETURN_TYPE = YES;
				GCC_WARN_UNINITIALIZED_AUTOS = YES;
				GCC_WARN_UNUSED_VARIABLE = YES;
				IPHONEOS_DEPLOYMENT_TARGET = 5.1;
				SDKROOT = iphoneos;
			};
			name = Debug;
		};
		BF564A601644E2450027EB04 /* Release */ = {
			isa = XCBuildConfiguration;
			buildSettings = {
				ALWAYS_SEARCH_USER_PATHS = NO;
				ARCHS = "$(ARCHS_STANDARD_32_BIT)";
				CLANG_CXX_LANGUAGE_STANDARD = "gnu++0x";
				CLANG_ENABLE_OBJC_ARC = YES;
				CLANG_WARN__DUPLICATE_METHOD_MATCH = YES;
				"CODE_SIGN_IDENTITY[sdk=iphoneos*]" = "iPhone Developer";
				COPY_PHASE_STRIP = YES;
				GCC_C_LANGUAGE_STANDARD = gnu99;
				GCC_VERSION = com.apple.compilers.llvm.clang.1_0;
				GCC_WARN_ABOUT_RETURN_TYPE = YES;
				GCC_WARN_UNINITIALIZED_AUTOS = YES;
				GCC_WARN_UNUSED_VARIABLE = YES;
				IPHONEOS_DEPLOYMENT_TARGET = 5.1;
				OTHER_CFLAGS = "-DNS_BLOCK_ASSERTIONS=1";
				SDKROOT = iphoneos;
				VALIDATE_PRODUCT = YES;
			};
			name = Release;
		};
		BF564A621644E2450027EB04 /* Debug */ = {
			isa = XCBuildConfiguration;
			buildSettings = {
				GCC_PRECOMPILE_PREFIX_HEADER = YES;
				GCC_PREFIX_HEADER = "MyCC98/MyCC98-Prefix.pch";
				INFOPLIST_FILE = "MyCC98/MyCC98-Info.plist";
				PRODUCT_NAME = "$(TARGET_NAME)";
				WRAPPER_EXTENSION = app;
			};
			name = Debug;
		};
		BF564A631644E2450027EB04 /* Release */ = {
			isa = XCBuildConfiguration;
			buildSettings = {
				GCC_PRECOMPILE_PREFIX_HEADER = YES;
				GCC_PREFIX_HEADER = "MyCC98/MyCC98-Prefix.pch";
				INFOPLIST_FILE = "MyCC98/MyCC98-Info.plist";
				PRODUCT_NAME = "$(TARGET_NAME)";
				WRAPPER_EXTENSION = app;
			};
			name = Release;
		};
/* End XCBuildConfiguration section */

/* Begin XCConfigurationList section */
		BF564A3D1644E2450027EB04 /* Build configuration list for PBXProject "MyCC98" */ = {
			isa = XCConfigurationList;
			buildConfigurations = (
				BF564A5F1644E2450027EB04 /* Debug */,
				BF564A601644E2450027EB04 /* Release */,
			);
			defaultConfigurationIsVisible = 0;
			defaultConfigurationName = Release;
		};
		BF564A611644E2450027EB04 /* Build configuration list for PBXNativeTarget "MyCC98" */ = {
			isa = XCConfigurationList;
			buildConfigurations = (
				BF564A621644E2450027EB04 /* Debug */,
				BF564A631644E2450027EB04 /* Release */,
			);
			defaultConfigurationIsVisible = 0;
			defaultConfigurationName = Release;
		};
/* End XCConfigurationList section */
	};
	rootObject = BF564A3A1644E2450027EB04 /* Project object */;
}
